// !$*UTF8*$!
{
	archiveVersion = 1;
	classes = {
	};
	objectVersion = 46;
	objects = {

/* Begin PBXBuildFile section */
		A900E45F1CC8CD0300C44271 /* AnalitycsConstants.swift in Sources */ = {isa = PBXBuildFile; fileRef = A900E45E1CC8CD0300C44271 /* AnalitycsConstants.swift */; };
		A900E4631CC8DD5800C44271 /* Alamofire.framework in Frameworks */ = {isa = PBXBuildFile; fileRef = A900E4621CC8DD5800C44271 /* Alamofire.framework */; };
		A900E4661CC8DDAF00C44271 /* Mixpanel.framework in Frameworks */ = {isa = PBXBuildFile; fileRef = A900E4651CC8DDAF00C44271 /* Mixpanel.framework */; };
		A900E46A1CC8E36A00C44271 /* ConfigPreferences.swift in Sources */ = {isa = PBXBuildFile; fileRef = A900E4691CC8E36A00C44271 /* ConfigPreferences.swift */; };
		A900E4F91CC9026800C44271 /* Utils.swift in Sources */ = {isa = PBXBuildFile; fileRef = A900E4F81CC9026800C44271 /* Utils.swift */; };
		A9093CE41CD111C000A099A6 /* NSLocale+ISO639_2.m in Sources */ = {isa = PBXBuildFile; fileRef = A9093CE31CD111C000A099A6 /* NSLocale+ISO639_2.m */; };
		A9093CE71CD1134D00A099A6 /* iso639_2.bundle in Resources */ = {isa = PBXBuildFile; fileRef = A9093CE61CD1134D00A099A6 /* iso639_2.bundle */; };
		A90E10F21CC6425800FC3172 /* Roboto-Regular.ttf in Resources */ = {isa = PBXBuildFile; fileRef = A90E10F01CC6413B00FC3172 /* Roboto-Regular.ttf */; };
		A918CBDF1CAAB670009F2A50 /* SharedViewController.swift in Sources */ = {isa = PBXBuildFile; fileRef = A918CBDE1CAAB670009F2A50 /* SharedViewController.swift */; };
		A918CBE11CAAD175009F2A50 /* Settings.strings in Resources */ = {isa = PBXBuildFile; fileRef = A918CBE01CAAD175009F2A50 /* Settings.strings */; };
		A91AD8631CE1F4DE0026867B /* silent_film_overlay_a.png in Resources */ = {isa = PBXBuildFile; fileRef = A91AD8591CE1F4DE0026867B /* silent_film_overlay_a.png */; };
		A91AD8641CE1F4DE0026867B /* silent_film_overlay_b.png in Resources */ = {isa = PBXBuildFile; fileRef = A91AD85A1CE1F4DE0026867B /* silent_film_overlay_b.png */; };
		A91AD8651CE1F4DE0026867B /* silent_film_overlay_c.png in Resources */ = {isa = PBXBuildFile; fileRef = A91AD85B1CE1F4DE0026867B /* silent_film_overlay_c.png */; };
		A91AD8661CE1F4DE0026867B /* silent_film_overlay_d.png in Resources */ = {isa = PBXBuildFile; fileRef = A91AD85C1CE1F4DE0026867B /* silent_film_overlay_d.png */; };
		A91AD8671CE1F4DE0026867B /* silent_film_overlay_e.png in Resources */ = {isa = PBXBuildFile; fileRef = A91AD85D1CE1F4DE0026867B /* silent_film_overlay_e.png */; };
		A91AD8681CE1F4DE0026867B /* silent_film_overlay_f.png in Resources */ = {isa = PBXBuildFile; fileRef = A91AD85E1CE1F4DE0026867B /* silent_film_overlay_f.png */; };
		A91AD8691CE1F4DE0026867B /* silent_film_overlay_g.png in Resources */ = {isa = PBXBuildFile; fileRef = A91AD85F1CE1F4DE0026867B /* silent_film_overlay_g.png */; };
		A91AD86A1CE1F4DE0026867B /* silent_film_overlay_h.png in Resources */ = {isa = PBXBuildFile; fileRef = A91AD8601CE1F4DE0026867B /* silent_film_overlay_h.png */; };
		A91AD86B1CE1F4DE0026867B /* silent_film_overlay_i.png in Resources */ = {isa = PBXBuildFile; fileRef = A91AD8611CE1F4DE0026867B /* silent_film_overlay_i.png */; };
		A91AD86C1CE1F4DE0026867B /* silent_film_overlay_j.png in Resources */ = {isa = PBXBuildFile; fileRef = A91AD8621CE1F4DE0026867B /* silent_film_overlay_j.png */; };
		A91AD8781CE200F20026867B /* silent_film_overlay_a_320_240.png in Resources */ = {isa = PBXBuildFile; fileRef = A91AD86E1CE200F20026867B /* silent_film_overlay_a_320_240.png */; };
		A91AD8791CE200F20026867B /* silent_film_overlay_b_320_240.png in Resources */ = {isa = PBXBuildFile; fileRef = A91AD86F1CE200F20026867B /* silent_film_overlay_b_320_240.png */; };
		A91AD87A1CE200F20026867B /* silent_film_overlay_c_320_240.png in Resources */ = {isa = PBXBuildFile; fileRef = A91AD8701CE200F20026867B /* silent_film_overlay_c_320_240.png */; };
		A91AD87B1CE200F20026867B /* silent_film_overlay_d_320_240.png in Resources */ = {isa = PBXBuildFile; fileRef = A91AD8711CE200F20026867B /* silent_film_overlay_d_320_240.png */; };
		A91AD87C1CE200F20026867B /* silent_film_overlay_e_320_240.png in Resources */ = {isa = PBXBuildFile; fileRef = A91AD8721CE200F20026867B /* silent_film_overlay_e_320_240.png */; };
		A91AD87D1CE200F20026867B /* silent_film_overlay_f_320_240.png in Resources */ = {isa = PBXBuildFile; fileRef = A91AD8731CE200F20026867B /* silent_film_overlay_f_320_240.png */; };
		A91AD87E1CE200F20026867B /* silent_film_overlay_g_320_240.png in Resources */ = {isa = PBXBuildFile; fileRef = A91AD8741CE200F20026867B /* silent_film_overlay_g_320_240.png */; };
		A91AD87F1CE200F20026867B /* silent_film_overlay_h_320_240.png in Resources */ = {isa = PBXBuildFile; fileRef = A91AD8751CE200F20026867B /* silent_film_overlay_h_320_240.png */; };
		A91AD8801CE200F20026867B /* silent_film_overlay_i_320_240.png in Resources */ = {isa = PBXBuildFile; fileRef = A91AD8761CE200F20026867B /* silent_film_overlay_i_320_240.png */; };
		A91AD8811CE200F20026867B /* silent_film_overlay_j_320_240.png in Resources */ = {isa = PBXBuildFile; fileRef = A91AD8771CE200F20026867B /* silent_film_overlay_j_320_240.png */; };
		A9301F8D1D23AF3E00C414A0 /* RootWireframe.swift in Sources */ = {isa = PBXBuildFile; fileRef = A9301F8C1D23AF3E00C414A0 /* RootWireframe.swift */; };
		A9301F911D23AF8400C414A0 /* KamaradaController.swift in Sources */ = {isa = PBXBuildFile; fileRef = A9301F901D23AF8400C414A0 /* KamaradaController.swift */; };
		A9301F941D23AFBD00C414A0 /* KamaradaTracker.swift in Sources */ = {isa = PBXBuildFile; fileRef = A9301F931D23AFBD00C414A0 /* KamaradaTracker.swift */; };
		A9301FAA1D23B1EE00C414A0 /* SettingsInteractor.swift in Sources */ = {isa = PBXBuildFile; fileRef = A9301FA91D23B1EE00C414A0 /* SettingsInteractor.swift */; };
		A9301FAD1D23B1F900C414A0 /* SettingsPresenter.swift in Sources */ = {isa = PBXBuildFile; fileRef = A9301FAB1D23B1F900C414A0 /* SettingsPresenter.swift */; };
		A9301FAE1D23B1F900C414A0 /* SettingsPresenterInterface.swift in Sources */ = {isa = PBXBuildFile; fileRef = A9301FAC1D23B1F900C414A0 /* SettingsPresenterInterface.swift */; };
		A9301FB41D23B21F00C414A0 /* SettingsInterface.swift in Sources */ = {isa = PBXBuildFile; fileRef = A9301FB31D23B21F00C414A0 /* SettingsInterface.swift */; };
		A9301FB61D23B24D00C414A0 /* SettingsWireframe.swift in Sources */ = {isa = PBXBuildFile; fileRef = A9301FB51D23B24D00C414A0 /* SettingsWireframe.swift */; };
		A9301FBA1D23B28F00C414A0 /* SettingsInteractorInterface.swift in Sources */ = {isa = PBXBuildFile; fileRef = A9301FB91D23B28F00C414A0 /* SettingsInteractorInterface.swift */; };
		A9301FBC1D23B2FB00C414A0 /* SettingsProvider.swift in Sources */ = {isa = PBXBuildFile; fileRef = A9301FBB1D23B2FB00C414A0 /* SettingsProvider.swift */; };
		A9301FBE1D23B31900C414A0 /* SettingsContent.swift in Sources */ = {isa = PBXBuildFile; fileRef = A9301FBD1D23B31900C414A0 /* SettingsContent.swift */; };
		A9301FC01D23B32F00C414A0 /* SettingsConstants.swift in Sources */ = {isa = PBXBuildFile; fileRef = A9301FBF1D23B32F00C414A0 /* SettingsConstants.swift */; };
		A9301FC91D23B3CD00C414A0 /* ShareWireframe.swift in Sources */ = {isa = PBXBuildFile; fileRef = A9301FC81D23B3CD00C414A0 /* ShareWireframe.swift */; };
		A9301FCC1D23B41000C414A0 /* ShareInterface.swift in Sources */ = {isa = PBXBuildFile; fileRef = A9301FCA1D23B41000C414A0 /* ShareInterface.swift */; };
		A9301FCD1D23B41000C414A0 /* ShareViewController.swift in Sources */ = {isa = PBXBuildFile; fileRef = A9301FCB1D23B41000C414A0 /* ShareViewController.swift */; };
		A9301FD01D23B41B00C414A0 /* SharePresenter.swift in Sources */ = {isa = PBXBuildFile; fileRef = A9301FCE1D23B41B00C414A0 /* SharePresenter.swift */; };
		A9301FD11D23B41B00C414A0 /* SharePresenterInterface.swift in Sources */ = {isa = PBXBuildFile; fileRef = A9301FCF1D23B41B00C414A0 /* SharePresenterInterface.swift */; };
		A9301FD51D23B44800C414A0 /* ShareInteractor.swift in Sources */ = {isa = PBXBuildFile; fileRef = A9301FD31D23B44800C414A0 /* ShareInteractor.swift */; };
		A9301FD61D23B44800C414A0 /* ShareInteractorInterface.swift in Sources */ = {isa = PBXBuildFile; fileRef = A9301FD41D23B44800C414A0 /* ShareInteractorInterface.swift */; };
		A9301FDD1D23B45B00C414A0 /* ShareFacebookInteractor.swift in Sources */ = {isa = PBXBuildFile; fileRef = A9301FD71D23B45B00C414A0 /* ShareFacebookInteractor.swift */; };
		A9301FDE1D23B45B00C414A0 /* ShareInstagramInteractor.swift in Sources */ = {isa = PBXBuildFile; fileRef = A9301FD81D23B45B00C414A0 /* ShareInstagramInteractor.swift */; };
		A9301FDF1D23B45B00C414A0 /* ShareSocialNetworkInteractor.swift in Sources */ = {isa = PBXBuildFile; fileRef = A9301FD91D23B45B00C414A0 /* ShareSocialNetworkInteractor.swift */; };
		A9301FE01D23B45B00C414A0 /* ShareTwitterInteractor.swift in Sources */ = {isa = PBXBuildFile; fileRef = A9301FDA1D23B45B00C414A0 /* ShareTwitterInteractor.swift */; };
		A9301FE11D23B45B00C414A0 /* ShareWhatsappInteractor.swift in Sources */ = {isa = PBXBuildFile; fileRef = A9301FDB1D23B45B00C414A0 /* ShareWhatsappInteractor.swift */; };
		A9301FE21D23B45B00C414A0 /* ShareYoutubeInteractor.swift in Sources */ = {isa = PBXBuildFile; fileRef = A9301FDC1D23B45B00C414A0 /* ShareYoutubeInteractor.swift */; };
		A9301FE51D23B46A00C414A0 /* SocialNetwork.swift in Sources */ = {isa = PBXBuildFile; fileRef = A9301FE31D23B46A00C414A0 /* SocialNetwork.swift */; };
		A9301FE61D23B46A00C414A0 /* SocialNetworkProvider.swift in Sources */ = {isa = PBXBuildFile; fileRef = A9301FE41D23B46A00C414A0 /* SocialNetworkProvider.swift */; };
		A9301FEF1D23B4CC00C414A0 /* RecordWireframe.swift in Sources */ = {isa = PBXBuildFile; fileRef = A9301FEE1D23B4CC00C414A0 /* RecordWireframe.swift */; };
		A9301FF21D23B4D600C414A0 /* RecordPresenter.swift in Sources */ = {isa = PBXBuildFile; fileRef = A9301FF01D23B4D600C414A0 /* RecordPresenter.swift */; };
		A9301FF31D23B4D600C414A0 /* RecordPresenterInterfaceIO.swift in Sources */ = {isa = PBXBuildFile; fileRef = A9301FF11D23B4D600C414A0 /* RecordPresenterInterfaceIO.swift */; };
		A9301FF61D23B4DD00C414A0 /* RecordController.swift in Sources */ = {isa = PBXBuildFile; fileRef = A9301FF41D23B4DD00C414A0 /* RecordController.swift */; };
		A9301FF71D23B4DD00C414A0 /* RecordViewInterface.swift in Sources */ = {isa = PBXBuildFile; fileRef = A9301FF51D23B4DD00C414A0 /* RecordViewInterface.swift */; };
		A9301FF91D23B4FE00C414A0 /* RecorderConstants.swift in Sources */ = {isa = PBXBuildFile; fileRef = A9301FF81D23B4FE00C414A0 /* RecorderConstants.swift */; };
		A93020061D23B60000C414A0 /* CameraRecorderInteractor.swift in Sources */ = {isa = PBXBuildFile; fileRef = A93020041D23B60000C414A0 /* CameraRecorderInteractor.swift */; };
		A93020071D23B60000C414A0 /* CameraRecorderInterface.swift in Sources */ = {isa = PBXBuildFile; fileRef = A93020051D23B60000C414A0 /* CameraRecorderInterface.swift */; };
		A93020091D23B60A00C414A0 /* ExporterInteractor.swift in Sources */ = {isa = PBXBuildFile; fileRef = A93020081D23B60A00C414A0 /* ExporterInteractor.swift */; };
		A930200D1D23B62800C414A0 /* AddFilterInteractor.swift in Sources */ = {isa = PBXBuildFile; fileRef = A930200A1D23B62800C414A0 /* AddFilterInteractor.swift */; };
		A930200E1D23B62800C414A0 /* ChangeFilterInteractor.swift in Sources */ = {isa = PBXBuildFile; fileRef = A930200B1D23B62800C414A0 /* ChangeFilterInteractor.swift */; };
		A930200F1D23B62800C414A0 /* RemoveFilterInteractor.swift in Sources */ = {isa = PBXBuildFile; fileRef = A930200C1D23B62800C414A0 /* RemoveFilterInteractor.swift */; };
		A93020131D23B65400C414A0 /* TimerInteractor.swift in Sources */ = {isa = PBXBuildFile; fileRef = A93020111D23B65400C414A0 /* TimerInteractor.swift */; };
		A93020141D23B65400C414A0 /* TimerInteractorInterface.swift in Sources */ = {isa = PBXBuildFile; fileRef = A93020121D23B65400C414A0 /* TimerInteractorInterface.swift */; };
		A93020161D23B65D00C414A0 /* ThumbnailInteractor.swift in Sources */ = {isa = PBXBuildFile; fileRef = A93020151D23B65D00C414A0 /* ThumbnailInteractor.swift */; };
		A93020181D23B68B00C414A0 /* AppDependencies.swift in Sources */ = {isa = PBXBuildFile; fileRef = A93020171D23B68B00C414A0 /* AppDependencies.swift */; };
		A953390A1D2530B0006890E7 /* Main.storyboard in Resources */ = {isa = PBXBuildFile; fileRef = A95339081D2530B0006890E7 /* Main.storyboard */; };
		A953390D1D2535F2006890E7 /* FlashInteractor.swift in Sources */ = {isa = PBXBuildFile; fileRef = A953390C1D2535F2006890E7 /* FlashInteractor.swift */; };
		A953390F1D253922006890E7 /* AVResolutionParse.swift in Sources */ = {isa = PBXBuildFile; fileRef = A953390E1D253922006890E7 /* AVResolutionParse.swift */; };
		A95339121D253950006890E7 /* ClipsAlbum.swift in Sources */ = {isa = PBXBuildFile; fileRef = A95339101D253950006890E7 /* ClipsAlbum.swift */; };
		A95339131D253950006890E7 /* ExportedAlbum.swift in Sources */ = {isa = PBXBuildFile; fileRef = A95339111D253950006890E7 /* ExportedAlbum.swift */; };
		A95339151D2539E5006890E7 /* ShareConstants.swift in Sources */ = {isa = PBXBuildFile; fileRef = A95339141D2539E5006890E7 /* ShareConstants.swift */; };
		A955F4FD1CA95B0D00B0CF62 /* AppDelegate.swift in Sources */ = {isa = PBXBuildFile; fileRef = A955F4FC1CA95B0D00B0CF62 /* AppDelegate.swift */; };
		A955F4FF1CA95B0D00B0CF62 /* MainViewController.swift in Sources */ = {isa = PBXBuildFile; fileRef = A955F4FE1CA95B0D00B0CF62 /* MainViewController.swift */; };
		A955F5041CA95B0D00B0CF62 /* Assets.xcassets in Resources */ = {isa = PBXBuildFile; fileRef = A955F5031CA95B0D00B0CF62 /* Assets.xcassets */; };
		A955F5071CA95B0D00B0CF62 /* LaunchScreen.storyboard in Resources */ = {isa = PBXBuildFile; fileRef = A955F5051CA95B0D00B0CF62 /* LaunchScreen.storyboard */; };
		A955F5121CA95B0D00B0CF62 /* KamaradaTests.swift in Sources */ = {isa = PBXBuildFile; fileRef = A955F5111CA95B0D00B0CF62 /* KamaradaTests.swift */; };
		A955F51D1CA95B0E00B0CF62 /* KamaradaUITests.swift in Sources */ = {isa = PBXBuildFile; fileRef = A955F51C1CA95B0E00B0CF62 /* KamaradaUITests.swift */; };
		A95EB5281CA97AD7000EAAB0 /* SettingsController.swift in Sources */ = {isa = PBXBuildFile; fileRef = A95EB5271CA97AD7000EAAB0 /* SettingsController.swift */; };
		A9981E0D1CC50695001659C3 /* FBSDKCoreKit.framework in Frameworks */ = {isa = PBXBuildFile; fileRef = A9981E0A1CC50695001659C3 /* FBSDKCoreKit.framework */; };
		A9981E0E1CC50695001659C3 /* FBSDKLoginKit.framework in Frameworks */ = {isa = PBXBuildFile; fileRef = A9981E0B1CC50695001659C3 /* FBSDKLoginKit.framework */; };
		A9981E0F1CC50695001659C3 /* FBSDKShareKit.framework in Frameworks */ = {isa = PBXBuildFile; fileRef = A9981E0C1CC50695001659C3 /* FBSDKShareKit.framework */; };
		A9B903761CAA8E68001839C7 /* DetailSettingsController.swift in Sources */ = {isa = PBXBuildFile; fileRef = A9B903751CAA8E68001839C7 /* DetailSettingsController.swift */; };
		A9CB568B1CCE2E6D00E39F11 /* GoogleService-Info.plist in Resources */ = {isa = PBXBuildFile; fileRef = A9CB568A1CCE2E6D00E39F11 /* GoogleService-Info.plist */; };
		A9DE88F01CAE8CA600767910 /* GPUImage.framework in Frameworks */ = {isa = PBXBuildFile; fileRef = A9DE88ED1CAE8C9B00767910 /* GPUImage.framework */; };
		A9DE88F21CAE8CDB00767910 /* GPUImage.framework in CopyFiles */ = {isa = PBXBuildFile; fileRef = A9DE88ED1CAE8C9B00767910 /* GPUImage.framework */; settings = {ATTRIBUTES = (CodeSignOnCopy, RemoveHeadersOnCopy, ); }; };
		A9DE88F81CAE922200767910 /* FilterOperations.swift in Sources */ = {isa = PBXBuildFile; fileRef = A9DE88F61CAE922200767910 /* FilterOperations.swift */; };
		A9DE88F91CAE922200767910 /* FilterOperationTypes.swift in Sources */ = {isa = PBXBuildFile; fileRef = A9DE88F71CAE922200767910 /* FilterOperationTypes.swift */; };
		A9F43F031CB4F13000007FD4 /* kamarada_audio.mp3 in Resources */ = {isa = PBXBuildFile; fileRef = A9F43F021CB4F13000007FD4 /* kamarada_audio.mp3 */; };
		A9F43F0C1CB54A7000007FD4 /* AssetsLibrary.framework in Frameworks */ = {isa = PBXBuildFile; fileRef = A9F43F0B1CB54A7000007FD4 /* AssetsLibrary.framework */; };
		A9F777AC1D268386008D479B /* TwitterVideoUpload.m in Sources */ = {isa = PBXBuildFile; fileRef = A9F777AB1D268386008D479B /* TwitterVideoUpload.m */; };
		A9F777B31D268D22008D479B /* filter_free.png in Resources */ = {isa = PBXBuildFile; fileRef = A9F777B21D268D22008D479B /* filter_free.png */; };
		A9F777B71D269E8F008D479B /* SettingsViewController.swift in Sources */ = {isa = PBXBuildFile; fileRef = A9F777B61D269E8F008D479B /* SettingsViewController.swift */; };
		A9F777BE1D2A4448008D479B /* CameraInteractor.swift in Sources */ = {isa = PBXBuildFile; fileRef = A9F777BC1D2A4448008D479B /* CameraInteractor.swift */; };
		A9F777BF1D2A4448008D479B /* CameraInteractorInterface.swift in Sources */ = {isa = PBXBuildFile; fileRef = A9F777BD1D2A4448008D479B /* CameraInteractorInterface.swift */; };
		D7E29E940AE5EB7D2CEB6A00 /* Pods_Kamarada.framework in Frameworks */ = {isa = PBXBuildFile; fileRef = 08A3D806EE5ED7EA303D26B7 /* Pods_Kamarada.framework */; };
/* End PBXBuildFile section */

/* Begin PBXContainerItemProxy section */
		A955F50E1CA95B0D00B0CF62 /* PBXContainerItemProxy */ = {
			isa = PBXContainerItemProxy;
			containerPortal = A955F4F11CA95B0D00B0CF62 /* Project object */;
			proxyType = 1;
			remoteGlobalIDString = A955F4F81CA95B0D00B0CF62;
			remoteInfo = Kamarada;
		};
		A955F5191CA95B0E00B0CF62 /* PBXContainerItemProxy */ = {
			isa = PBXContainerItemProxy;
			containerPortal = A955F4F11CA95B0D00B0CF62 /* Project object */;
			proxyType = 1;
			remoteGlobalIDString = A955F4F81CA95B0D00B0CF62;
			remoteInfo = Kamarada;
		};
		A9DE88EA1CAE8C9B00767910 /* PBXContainerItemProxy */ = {
			isa = PBXContainerItemProxy;
			containerPortal = A9DE88E41CAE8C9B00767910 /* GPUImage.xcodeproj */;
			proxyType = 2;
			remoteGlobalIDString = BCF1A33414DDB1EC00852800;
			remoteInfo = GPUImage;
		};
		A9DE88EC1CAE8C9B00767910 /* PBXContainerItemProxy */ = {
			isa = PBXContainerItemProxy;
			containerPortal = A9DE88E41CAE8C9B00767910 /* GPUImage.xcodeproj */;
			proxyType = 2;
			remoteGlobalIDString = BCE209E51943F20C002FEED8;
			remoteInfo = GPUImageFramework;
		};
		A9DE88EE1CAE8CA100767910 /* PBXContainerItemProxy */ = {
			isa = PBXContainerItemProxy;
			containerPortal = A9DE88E41CAE8C9B00767910 /* GPUImage.xcodeproj */;
			proxyType = 1;
			remoteGlobalIDString = BCE209E41943F20C002FEED8;
			remoteInfo = GPUImageFramework;
		};
/* End PBXContainerItemProxy section */

/* Begin PBXCopyFilesBuildPhase section */
		A9DE88F11CAE8CC600767910 /* CopyFiles */ = {
			isa = PBXCopyFilesBuildPhase;
			buildActionMask = 2147483647;
			dstPath = "";
			dstSubfolderSpec = 10;
			files = (
				A9DE88F21CAE8CDB00767910 /* GPUImage.framework in CopyFiles */,
			);
			runOnlyForDeploymentPostprocessing = 0;
		};
/* End PBXCopyFilesBuildPhase section */

/* Begin PBXFileReference section */
		08A3D806EE5ED7EA303D26B7 /* Pods_Kamarada.framework */ = {isa = PBXFileReference; explicitFileType = wrapper.framework; includeInIndex = 0; path = Pods_Kamarada.framework; sourceTree = BUILT_PRODUCTS_DIR; };
		14C5A25F518DA8F439A9000A /* Pods-Kamarada.debug.xcconfig */ = {isa = PBXFileReference; includeInIndex = 1; lastKnownFileType = text.xcconfig; name = "Pods-Kamarada.debug.xcconfig"; path = "Pods/Target Support Files/Pods-Kamarada/Pods-Kamarada.debug.xcconfig"; sourceTree = "<group>"; };
		679A42B7612B072E70607B0E /* Pods-Kamarada.release.xcconfig */ = {isa = PBXFileReference; includeInIndex = 1; lastKnownFileType = text.xcconfig; name = "Pods-Kamarada.release.xcconfig"; path = "Pods/Target Support Files/Pods-Kamarada/Pods-Kamarada.release.xcconfig"; sourceTree = "<group>"; };
		A900E45E1CC8CD0300C44271 /* AnalitycsConstants.swift */ = {isa = PBXFileReference; fileEncoding = 4; lastKnownFileType = sourcecode.swift; path = AnalitycsConstants.swift; sourceTree = "<group>"; };
		A900E4621CC8DD5800C44271 /* Alamofire.framework */ = {isa = PBXFileReference; lastKnownFileType = wrapper.framework; name = Alamofire.framework; path = "../../../Library/Developer/Xcode/DerivedData/Kamarada-dinxfvnocuhspbeeinhppkwnisvd/Build/Products/Debug-iphoneos/Alamofire.framework"; sourceTree = "<group>"; };
		A900E4651CC8DDAF00C44271 /* Mixpanel.framework */ = {isa = PBXFileReference; lastKnownFileType = wrapper.framework; name = Mixpanel.framework; path = "../../../Library/Developer/Xcode/DerivedData/Kamarada-dinxfvnocuhspbeeinhppkwnisvd/Build/Products/Debug-iphoneos/Mixpanel.framework"; sourceTree = "<group>"; };
		A900E4691CC8E36A00C44271 /* ConfigPreferences.swift */ = {isa = PBXFileReference; fileEncoding = 4; lastKnownFileType = sourcecode.swift; path = ConfigPreferences.swift; sourceTree = "<group>"; };
		A900E4F81CC9026800C44271 /* Utils.swift */ = {isa = PBXFileReference; fileEncoding = 4; lastKnownFileType = sourcecode.swift; path = Utils.swift; sourceTree = "<group>"; };
		A9093CE21CD111C000A099A6 /* NSLocale+ISO639_2.h */ = {isa = PBXFileReference; fileEncoding = 4; lastKnownFileType = sourcecode.c.h; path = "NSLocale+ISO639_2.h"; sourceTree = "<group>"; };
		A9093CE31CD111C000A099A6 /* NSLocale+ISO639_2.m */ = {isa = PBXFileReference; fileEncoding = 4; lastKnownFileType = sourcecode.c.objc; path = "NSLocale+ISO639_2.m"; sourceTree = "<group>"; };
		A9093CE61CD1134D00A099A6 /* iso639_2.bundle */ = {isa = PBXFileReference; lastKnownFileType = "wrapper.plug-in"; path = iso639_2.bundle; sourceTree = "<group>"; };
		A90E10F01CC6413B00FC3172 /* Roboto-Regular.ttf */ = {isa = PBXFileReference; lastKnownFileType = file; name = "Roboto-Regular.ttf"; path = "../../../../Downloads/roboto/Roboto-Regular.ttf"; sourceTree = "<group>"; };
		A918CBDE1CAAB670009F2A50 /* SharedViewController.swift */ = {isa = PBXFileReference; fileEncoding = 4; lastKnownFileType = sourcecode.swift; lineEnding = 0; path = SharedViewController.swift; sourceTree = "<group>"; xcLanguageSpecificationIdentifier = xcode.lang.swift; };
		A918CBE01CAAD175009F2A50 /* Settings.strings */ = {isa = PBXFileReference; fileEncoding = 4; lastKnownFileType = text.plist.strings; path = Settings.strings; sourceTree = "<group>"; };
		A91AD8591CE1F4DE0026867B /* silent_film_overlay_a.png */ = {isa = PBXFileReference; lastKnownFileType = image.png; path = silent_film_overlay_a.png; sourceTree = "<group>"; };
		A91AD85A1CE1F4DE0026867B /* silent_film_overlay_b.png */ = {isa = PBXFileReference; lastKnownFileType = image.png; path = silent_film_overlay_b.png; sourceTree = "<group>"; };
		A91AD85B1CE1F4DE0026867B /* silent_film_overlay_c.png */ = {isa = PBXFileReference; lastKnownFileType = image.png; path = silent_film_overlay_c.png; sourceTree = "<group>"; };
		A91AD85C1CE1F4DE0026867B /* silent_film_overlay_d.png */ = {isa = PBXFileReference; lastKnownFileType = image.png; path = silent_film_overlay_d.png; sourceTree = "<group>"; };
		A91AD85D1CE1F4DE0026867B /* silent_film_overlay_e.png */ = {isa = PBXFileReference; lastKnownFileType = image.png; path = silent_film_overlay_e.png; sourceTree = "<group>"; };
		A91AD85E1CE1F4DE0026867B /* silent_film_overlay_f.png */ = {isa = PBXFileReference; lastKnownFileType = image.png; path = silent_film_overlay_f.png; sourceTree = "<group>"; };
		A91AD85F1CE1F4DE0026867B /* silent_film_overlay_g.png */ = {isa = PBXFileReference; lastKnownFileType = image.png; path = silent_film_overlay_g.png; sourceTree = "<group>"; };
		A91AD8601CE1F4DE0026867B /* silent_film_overlay_h.png */ = {isa = PBXFileReference; lastKnownFileType = image.png; path = silent_film_overlay_h.png; sourceTree = "<group>"; };
		A91AD8611CE1F4DE0026867B /* silent_film_overlay_i.png */ = {isa = PBXFileReference; lastKnownFileType = image.png; path = silent_film_overlay_i.png; sourceTree = "<group>"; };
		A91AD8621CE1F4DE0026867B /* silent_film_overlay_j.png */ = {isa = PBXFileReference; lastKnownFileType = image.png; path = silent_film_overlay_j.png; sourceTree = "<group>"; };
		A91AD86E1CE200F20026867B /* silent_film_overlay_a_320_240.png */ = {isa = PBXFileReference; lastKnownFileType = image.png; path = silent_film_overlay_a_320_240.png; sourceTree = "<group>"; };
		A91AD86F1CE200F20026867B /* silent_film_overlay_b_320_240.png */ = {isa = PBXFileReference; lastKnownFileType = image.png; path = silent_film_overlay_b_320_240.png; sourceTree = "<group>"; };
		A91AD8701CE200F20026867B /* silent_film_overlay_c_320_240.png */ = {isa = PBXFileReference; lastKnownFileType = image.png; path = silent_film_overlay_c_320_240.png; sourceTree = "<group>"; };
		A91AD8711CE200F20026867B /* silent_film_overlay_d_320_240.png */ = {isa = PBXFileReference; lastKnownFileType = image.png; path = silent_film_overlay_d_320_240.png; sourceTree = "<group>"; };
		A91AD8721CE200F20026867B /* silent_film_overlay_e_320_240.png */ = {isa = PBXFileReference; lastKnownFileType = image.png; path = silent_film_overlay_e_320_240.png; sourceTree = "<group>"; };
		A91AD8731CE200F20026867B /* silent_film_overlay_f_320_240.png */ = {isa = PBXFileReference; lastKnownFileType = image.png; path = silent_film_overlay_f_320_240.png; sourceTree = "<group>"; };
		A91AD8741CE200F20026867B /* silent_film_overlay_g_320_240.png */ = {isa = PBXFileReference; lastKnownFileType = image.png; path = silent_film_overlay_g_320_240.png; sourceTree = "<group>"; };
		A91AD8751CE200F20026867B /* silent_film_overlay_h_320_240.png */ = {isa = PBXFileReference; lastKnownFileType = image.png; path = silent_film_overlay_h_320_240.png; sourceTree = "<group>"; };
		A91AD8761CE200F20026867B /* silent_film_overlay_i_320_240.png */ = {isa = PBXFileReference; lastKnownFileType = image.png; path = silent_film_overlay_i_320_240.png; sourceTree = "<group>"; };
		A91AD8771CE200F20026867B /* silent_film_overlay_j_320_240.png */ = {isa = PBXFileReference; lastKnownFileType = image.png; path = silent_film_overlay_j_320_240.png; sourceTree = "<group>"; };
		A9301F8C1D23AF3E00C414A0 /* RootWireframe.swift */ = {isa = PBXFileReference; fileEncoding = 4; lastKnownFileType = sourcecode.swift; path = RootWireframe.swift; sourceTree = "<group>"; };
		A9301F901D23AF8400C414A0 /* KamaradaController.swift */ = {isa = PBXFileReference; fileEncoding = 4; lastKnownFileType = sourcecode.swift; path = KamaradaController.swift; sourceTree = "<group>"; };
		A9301F931D23AFBD00C414A0 /* KamaradaTracker.swift */ = {isa = PBXFileReference; fileEncoding = 4; lastKnownFileType = sourcecode.swift; path = KamaradaTracker.swift; sourceTree = "<group>"; };
		A9301FA91D23B1EE00C414A0 /* SettingsInteractor.swift */ = {isa = PBXFileReference; fileEncoding = 4; lastKnownFileType = sourcecode.swift; name = SettingsInteractor.swift; path = Modules/Settings/SettingsInteractor.swift; sourceTree = "<group>"; };
		A9301FAB1D23B1F900C414A0 /* SettingsPresenter.swift */ = {isa = PBXFileReference; fileEncoding = 4; lastKnownFileType = sourcecode.swift; name = SettingsPresenter.swift; path = Modules/Settings/SettingsPresenter.swift; sourceTree = "<group>"; };
		A9301FAC1D23B1F900C414A0 /* SettingsPresenterInterface.swift */ = {isa = PBXFileReference; fileEncoding = 4; lastKnownFileType = sourcecode.swift; name = SettingsPresenterInterface.swift; path = Modules/Settings/SettingsPresenterInterface.swift; sourceTree = "<group>"; };
		A9301FB31D23B21F00C414A0 /* SettingsInterface.swift */ = {isa = PBXFileReference; fileEncoding = 4; lastKnownFileType = sourcecode.swift; path = SettingsInterface.swift; sourceTree = "<group>"; };
		A9301FB51D23B24D00C414A0 /* SettingsWireframe.swift */ = {isa = PBXFileReference; fileEncoding = 4; lastKnownFileType = sourcecode.swift; name = SettingsWireframe.swift; path = Modules/Settings/SettingsWireframe.swift; sourceTree = "<group>"; };
		A9301FB91D23B28F00C414A0 /* SettingsInteractorInterface.swift */ = {isa = PBXFileReference; fileEncoding = 4; lastKnownFileType = sourcecode.swift; path = SettingsInteractorInterface.swift; sourceTree = "<group>"; };
		A9301FBB1D23B2FB00C414A0 /* SettingsProvider.swift */ = {isa = PBXFileReference; fileEncoding = 4; lastKnownFileType = sourcecode.swift; path = SettingsProvider.swift; sourceTree = "<group>"; };
		A9301FBD1D23B31900C414A0 /* SettingsContent.swift */ = {isa = PBXFileReference; fileEncoding = 4; lastKnownFileType = sourcecode.swift; path = SettingsContent.swift; sourceTree = "<group>"; };
		A9301FBF1D23B32F00C414A0 /* SettingsConstants.swift */ = {isa = PBXFileReference; fileEncoding = 4; lastKnownFileType = sourcecode.swift; path = SettingsConstants.swift; sourceTree = "<group>"; };
		A9301FC81D23B3CD00C414A0 /* ShareWireframe.swift */ = {isa = PBXFileReference; fileEncoding = 4; lastKnownFileType = sourcecode.swift; name = ShareWireframe.swift; path = Modules/Share/ShareWireframe.swift; sourceTree = "<group>"; };
		A9301FCA1D23B41000C414A0 /* ShareInterface.swift */ = {isa = PBXFileReference; fileEncoding = 4; lastKnownFileType = sourcecode.swift; name = ShareInterface.swift; path = Modules/Share/ShareInterface.swift; sourceTree = "<group>"; };
		A9301FCB1D23B41000C414A0 /* ShareViewController.swift */ = {isa = PBXFileReference; fileEncoding = 4; lastKnownFileType = sourcecode.swift; name = ShareViewController.swift; path = Modules/Share/ShareViewController.swift; sourceTree = "<group>"; };
		A9301FCE1D23B41B00C414A0 /* SharePresenter.swift */ = {isa = PBXFileReference; fileEncoding = 4; lastKnownFileType = sourcecode.swift; name = SharePresenter.swift; path = Modules/Share/SharePresenter.swift; sourceTree = "<group>"; };
		A9301FCF1D23B41B00C414A0 /* SharePresenterInterface.swift */ = {isa = PBXFileReference; fileEncoding = 4; lastKnownFileType = sourcecode.swift; name = SharePresenterInterface.swift; path = Modules/Share/SharePresenterInterface.swift; sourceTree = "<group>"; };
		A9301FD31D23B44800C414A0 /* ShareInteractor.swift */ = {isa = PBXFileReference; fileEncoding = 4; lastKnownFileType = sourcecode.swift; name = ShareInteractor.swift; path = Modules/Share/ShareInteractor.swift; sourceTree = "<group>"; };
		A9301FD41D23B44800C414A0 /* ShareInteractorInterface.swift */ = {isa = PBXFileReference; fileEncoding = 4; lastKnownFileType = sourcecode.swift; name = ShareInteractorInterface.swift; path = Modules/Share/ShareInteractorInterface.swift; sourceTree = "<group>"; };
		A9301FD71D23B45B00C414A0 /* ShareFacebookInteractor.swift */ = {isa = PBXFileReference; fileEncoding = 4; lastKnownFileType = sourcecode.swift; name = ShareFacebookInteractor.swift; path = Modules/Share/ShareFacebookInteractor.swift; sourceTree = "<group>"; };
		A9301FD81D23B45B00C414A0 /* ShareInstagramInteractor.swift */ = {isa = PBXFileReference; fileEncoding = 4; lastKnownFileType = sourcecode.swift; name = ShareInstagramInteractor.swift; path = Modules/Share/ShareInstagramInteractor.swift; sourceTree = "<group>"; };
		A9301FD91D23B45B00C414A0 /* ShareSocialNetworkInteractor.swift */ = {isa = PBXFileReference; fileEncoding = 4; lastKnownFileType = sourcecode.swift; name = ShareSocialNetworkInteractor.swift; path = Modules/Share/ShareSocialNetworkInteractor.swift; sourceTree = "<group>"; };
		A9301FDA1D23B45B00C414A0 /* ShareTwitterInteractor.swift */ = {isa = PBXFileReference; fileEncoding = 4; lastKnownFileType = sourcecode.swift; name = ShareTwitterInteractor.swift; path = Modules/Share/ShareTwitterInteractor.swift; sourceTree = "<group>"; };
		A9301FDB1D23B45B00C414A0 /* ShareWhatsappInteractor.swift */ = {isa = PBXFileReference; fileEncoding = 4; lastKnownFileType = sourcecode.swift; name = ShareWhatsappInteractor.swift; path = Modules/Share/ShareWhatsappInteractor.swift; sourceTree = "<group>"; };
		A9301FDC1D23B45B00C414A0 /* ShareYoutubeInteractor.swift */ = {isa = PBXFileReference; fileEncoding = 4; lastKnownFileType = sourcecode.swift; name = ShareYoutubeInteractor.swift; path = Modules/Share/ShareYoutubeInteractor.swift; sourceTree = "<group>"; };
		A9301FE31D23B46A00C414A0 /* SocialNetwork.swift */ = {isa = PBXFileReference; fileEncoding = 4; lastKnownFileType = sourcecode.swift; name = SocialNetwork.swift; path = Modules/Share/SocialNetwork.swift; sourceTree = "<group>"; };
		A9301FE41D23B46A00C414A0 /* SocialNetworkProvider.swift */ = {isa = PBXFileReference; fileEncoding = 4; lastKnownFileType = sourcecode.swift; name = SocialNetworkProvider.swift; path = Modules/Share/SocialNetworkProvider.swift; sourceTree = "<group>"; };
		A9301FEE1D23B4CC00C414A0 /* RecordWireframe.swift */ = {isa = PBXFileReference; fileEncoding = 4; lastKnownFileType = sourcecode.swift; name = RecordWireframe.swift; path = Modules/Recorder/RecordWireframe.swift; sourceTree = "<group>"; };
		A9301FF01D23B4D600C414A0 /* RecordPresenter.swift */ = {isa = PBXFileReference; fileEncoding = 4; lastKnownFileType = sourcecode.swift; name = RecordPresenter.swift; path = Modules/Recorder/RecordPresenter.swift; sourceTree = "<group>"; };
		A9301FF11D23B4D600C414A0 /* RecordPresenterInterfaceIO.swift */ = {isa = PBXFileReference; fileEncoding = 4; lastKnownFileType = sourcecode.swift; name = RecordPresenterInterfaceIO.swift; path = Modules/Recorder/RecordPresenterInterfaceIO.swift; sourceTree = "<group>"; };
		A9301FF41D23B4DD00C414A0 /* RecordController.swift */ = {isa = PBXFileReference; fileEncoding = 4; lastKnownFileType = sourcecode.swift; name = RecordController.swift; path = Modules/Recorder/RecordController.swift; sourceTree = "<group>"; };
		A9301FF51D23B4DD00C414A0 /* RecordViewInterface.swift */ = {isa = PBXFileReference; fileEncoding = 4; lastKnownFileType = sourcecode.swift; name = RecordViewInterface.swift; path = Modules/Recorder/RecordViewInterface.swift; sourceTree = "<group>"; };
		A9301FF81D23B4FE00C414A0 /* RecorderConstants.swift */ = {isa = PBXFileReference; fileEncoding = 4; lastKnownFileType = sourcecode.swift; name = RecorderConstants.swift; path = Modules/Recorder/RecorderConstants.swift; sourceTree = "<group>"; };
		A93020041D23B60000C414A0 /* CameraRecorderInteractor.swift */ = {isa = PBXFileReference; fileEncoding = 4; lastKnownFileType = sourcecode.swift; name = CameraRecorderInteractor.swift; path = Modules/Recorder/CameraRecorderInteractor.swift; sourceTree = "<group>"; };
		A93020051D23B60000C414A0 /* CameraRecorderInterface.swift */ = {isa = PBXFileReference; fileEncoding = 4; lastKnownFileType = sourcecode.swift; name = CameraRecorderInterface.swift; path = Modules/Recorder/CameraRecorderInterface.swift; sourceTree = "<group>"; };
		A93020081D23B60A00C414A0 /* ExporterInteractor.swift */ = {isa = PBXFileReference; fileEncoding = 4; lastKnownFileType = sourcecode.swift; name = ExporterInteractor.swift; path = Modules/Recorder/ExporterInteractor.swift; sourceTree = "<group>"; };
		A930200A1D23B62800C414A0 /* AddFilterInteractor.swift */ = {isa = PBXFileReference; fileEncoding = 4; lastKnownFileType = sourcecode.swift; name = AddFilterInteractor.swift; path = Modules/Recorder/AddFilterInteractor.swift; sourceTree = "<group>"; };
		A930200B1D23B62800C414A0 /* ChangeFilterInteractor.swift */ = {isa = PBXFileReference; fileEncoding = 4; lastKnownFileType = sourcecode.swift; name = ChangeFilterInteractor.swift; path = Modules/Recorder/ChangeFilterInteractor.swift; sourceTree = "<group>"; };
		A930200C1D23B62800C414A0 /* RemoveFilterInteractor.swift */ = {isa = PBXFileReference; fileEncoding = 4; lastKnownFileType = sourcecode.swift; name = RemoveFilterInteractor.swift; path = Modules/Recorder/RemoveFilterInteractor.swift; sourceTree = "<group>"; };
		A93020111D23B65400C414A0 /* TimerInteractor.swift */ = {isa = PBXFileReference; fileEncoding = 4; lastKnownFileType = sourcecode.swift; name = TimerInteractor.swift; path = Modules/Recorder/TimerInteractor.swift; sourceTree = "<group>"; };
		A93020121D23B65400C414A0 /* TimerInteractorInterface.swift */ = {isa = PBXFileReference; fileEncoding = 4; lastKnownFileType = sourcecode.swift; name = TimerInteractorInterface.swift; path = Modules/Recorder/TimerInteractorInterface.swift; sourceTree = "<group>"; };
		A93020151D23B65D00C414A0 /* ThumbnailInteractor.swift */ = {isa = PBXFileReference; fileEncoding = 4; lastKnownFileType = sourcecode.swift; name = ThumbnailInteractor.swift; path = Modules/Recorder/ThumbnailInteractor.swift; sourceTree = "<group>"; };
		A93020171D23B68B00C414A0 /* AppDependencies.swift */ = {isa = PBXFileReference; fileEncoding = 4; lastKnownFileType = sourcecode.swift; path = AppDependencies.swift; sourceTree = "<group>"; };
		A95339091D2530B0006890E7 /* Base */ = {isa = PBXFileReference; lastKnownFileType = file.storyboard; name = Base; path = Base.lproj/Main.storyboard; sourceTree = "<group>"; };
		A953390C1D2535F2006890E7 /* FlashInteractor.swift */ = {isa = PBXFileReference; fileEncoding = 4; lastKnownFileType = sourcecode.swift; name = FlashInteractor.swift; path = Modules/Recorder/FlashInteractor.swift; sourceTree = "<group>"; };
		A953390E1D253922006890E7 /* AVResolutionParse.swift */ = {isa = PBXFileReference; fileEncoding = 4; lastKnownFileType = sourcecode.swift; path = AVResolutionParse.swift; sourceTree = "<group>"; };
		A95339101D253950006890E7 /* ClipsAlbum.swift */ = {isa = PBXFileReference; fileEncoding = 4; lastKnownFileType = sourcecode.swift; name = ClipsAlbum.swift; path = Modules/Recorder/KamaradaAlbum/ClipsAlbum.swift; sourceTree = "<group>"; };
		A95339111D253950006890E7 /* ExportedAlbum.swift */ = {isa = PBXFileReference; fileEncoding = 4; lastKnownFileType = sourcecode.swift; name = ExportedAlbum.swift; path = Modules/Recorder/KamaradaAlbum/ExportedAlbum.swift; sourceTree = "<group>"; };
		A95339141D2539E5006890E7 /* ShareConstants.swift */ = {isa = PBXFileReference; fileEncoding = 4; lastKnownFileType = sourcecode.swift; name = ShareConstants.swift; path = Modules/Share/ShareConstants.swift; sourceTree = "<group>"; };
		A955F4F91CA95B0D00B0CF62 /* Kamarada.app */ = {isa = PBXFileReference; explicitFileType = wrapper.application; includeInIndex = 0; path = Kamarada.app; sourceTree = BUILT_PRODUCTS_DIR; };
		A955F4FC1CA95B0D00B0CF62 /* AppDelegate.swift */ = {isa = PBXFileReference; lastKnownFileType = sourcecode.swift; path = AppDelegate.swift; sourceTree = "<group>"; };
		A955F4FE1CA95B0D00B0CF62 /* MainViewController.swift */ = {isa = PBXFileReference; lastKnownFileType = sourcecode.swift; lineEnding = 0; path = MainViewController.swift; sourceTree = "<group>"; xcLanguageSpecificationIdentifier = xcode.lang.swift; };
		A955F5031CA95B0D00B0CF62 /* Assets.xcassets */ = {isa = PBXFileReference; lastKnownFileType = folder.assetcatalog; path = Assets.xcassets; sourceTree = "<group>"; };
		A955F5061CA95B0D00B0CF62 /* Base */ = {isa = PBXFileReference; lastKnownFileType = file.storyboard; name = Base; path = Base.lproj/LaunchScreen.storyboard; sourceTree = "<group>"; };
		A955F5081CA95B0D00B0CF62 /* Info.plist */ = {isa = PBXFileReference; lastKnownFileType = text.plist.xml; path = Info.plist; sourceTree = "<group>"; };
		A955F50D1CA95B0D00B0CF62 /* KamaradaTests.xctest */ = {isa = PBXFileReference; explicitFileType = wrapper.cfbundle; includeInIndex = 0; path = KamaradaTests.xctest; sourceTree = BUILT_PRODUCTS_DIR; };
		A955F5111CA95B0D00B0CF62 /* KamaradaTests.swift */ = {isa = PBXFileReference; lastKnownFileType = sourcecode.swift; path = KamaradaTests.swift; sourceTree = "<group>"; };
		A955F5131CA95B0D00B0CF62 /* Info.plist */ = {isa = PBXFileReference; lastKnownFileType = text.plist.xml; path = Info.plist; sourceTree = "<group>"; };
		A955F5181CA95B0E00B0CF62 /* KamaradaUITests.xctest */ = {isa = PBXFileReference; explicitFileType = wrapper.cfbundle; includeInIndex = 0; path = KamaradaUITests.xctest; sourceTree = BUILT_PRODUCTS_DIR; };
		A955F51C1CA95B0E00B0CF62 /* KamaradaUITests.swift */ = {isa = PBXFileReference; lastKnownFileType = sourcecode.swift; path = KamaradaUITests.swift; sourceTree = "<group>"; };
		A955F51E1CA95B0E00B0CF62 /* Info.plist */ = {isa = PBXFileReference; lastKnownFileType = text.plist.xml; path = Info.plist; sourceTree = "<group>"; };
		A95EB5271CA97AD7000EAAB0 /* SettingsController.swift */ = {isa = PBXFileReference; fileEncoding = 4; lastKnownFileType = sourcecode.swift; lineEnding = 0; path = SettingsController.swift; sourceTree = "<group>"; xcLanguageSpecificationIdentifier = xcode.lang.swift; };
		A9981E011CC501D0001659C3 /* Kamarada-Bridging-Header.h */ = {isa = PBXFileReference; fileEncoding = 4; lastKnownFileType = sourcecode.c.h; path = "Kamarada-Bridging-Header.h"; sourceTree = "<group>"; };
		A9981E0A1CC50695001659C3 /* FBSDKCoreKit.framework */ = {isa = PBXFileReference; lastKnownFileType = wrapper.framework; path = FBSDKCoreKit.framework; sourceTree = "<group>"; };
		A9981E0B1CC50695001659C3 /* FBSDKLoginKit.framework */ = {isa = PBXFileReference; lastKnownFileType = wrapper.framework; path = FBSDKLoginKit.framework; sourceTree = "<group>"; };
		A9981E0C1CC50695001659C3 /* FBSDKShareKit.framework */ = {isa = PBXFileReference; lastKnownFileType = wrapper.framework; path = FBSDKShareKit.framework; sourceTree = "<group>"; };
		A9B903751CAA8E68001839C7 /* DetailSettingsController.swift */ = {isa = PBXFileReference; fileEncoding = 4; lastKnownFileType = sourcecode.swift; lineEnding = 0; path = DetailSettingsController.swift; sourceTree = "<group>"; xcLanguageSpecificationIdentifier = xcode.lang.swift; };
		A9CB568A1CCE2E6D00E39F11 /* GoogleService-Info.plist */ = {isa = PBXFileReference; fileEncoding = 4; lastKnownFileType = text.plist.xml; path = "GoogleService-Info.plist"; sourceTree = "<group>"; };
		A9DE88E41CAE8C9B00767910 /* GPUImage.xcodeproj */ = {isa = PBXFileReference; lastKnownFileType = "wrapper.pb-project"; name = GPUImage.xcodeproj; path = ../GPUImage/framework/GPUImage.xcodeproj; sourceTree = "<group>"; };
		A9DE88F61CAE922200767910 /* FilterOperations.swift */ = {isa = PBXFileReference; fileEncoding = 4; lastKnownFileType = sourcecode.swift; path = FilterOperations.swift; sourceTree = "<group>"; };
		A9DE88F71CAE922200767910 /* FilterOperationTypes.swift */ = {isa = PBXFileReference; fileEncoding = 4; lastKnownFileType = sourcecode.swift; path = FilterOperationTypes.swift; sourceTree = "<group>"; };
		A9F43F021CB4F13000007FD4 /* kamarada_audio.mp3 */ = {isa = PBXFileReference; lastKnownFileType = audio.mp3; name = kamarada_audio.mp3; path = Audio/kamarada_audio.mp3; sourceTree = "<group>"; };
		A9F43F0B1CB54A7000007FD4 /* AssetsLibrary.framework */ = {isa = PBXFileReference; lastKnownFileType = wrapper.framework; name = AssetsLibrary.framework; path = System/Library/Frameworks/AssetsLibrary.framework; sourceTree = SDKROOT; };
		A9F777AA1D268386008D479B /* TwitterVideoUpload.h */ = {isa = PBXFileReference; fileEncoding = 4; lastKnownFileType = sourcecode.c.h; name = TwitterVideoUpload.h; path = Modules/Share/TwitterVideoUpload.h; sourceTree = "<group>"; };
		A9F777AB1D268386008D479B /* TwitterVideoUpload.m */ = {isa = PBXFileReference; fileEncoding = 4; lastKnownFileType = sourcecode.c.objc; name = TwitterVideoUpload.m; path = Modules/Share/TwitterVideoUpload.m; sourceTree = "<group>"; };
		A9F777B21D268D22008D479B /* filter_free.png */ = {isa = PBXFileReference; lastKnownFileType = image.png; name = filter_free.png; path = ../../../VIDEONA_REPO_ONLY_TO_COMPARE/Videona/Videona/filter_free.png; sourceTree = "<group>"; };
		A9F777B61D269E8F008D479B /* SettingsViewController.swift */ = {isa = PBXFileReference; fileEncoding = 4; lastKnownFileType = sourcecode.swift; name = SettingsViewController.swift; path = Modules/Settings/SettingsViewController.swift; sourceTree = "<group>"; };
		A9F777BC1D2A4448008D479B /* CameraInteractor.swift */ = {isa = PBXFileReference; fileEncoding = 4; lastKnownFileType = sourcecode.swift; name = CameraInteractor.swift; path = Modules/Recorder/CameraInteractor.swift; sourceTree = "<group>"; };
		A9F777BD1D2A4448008D479B /* CameraInteractorInterface.swift */ = {isa = PBXFileReference; fileEncoding = 4; lastKnownFileType = sourcecode.swift; name = CameraInteractorInterface.swift; path = Modules/Recorder/CameraInteractorInterface.swift; sourceTree = "<group>"; };
/* End PBXFileReference section */

/* Begin PBXFrameworksBuildPhase section */
		A955F4F61CA95B0D00B0CF62 /* Frameworks */ = {
			isa = PBXFrameworksBuildPhase;
			buildActionMask = 2147483647;
			files = (
				A900E4661CC8DDAF00C44271 /* Mixpanel.framework in Frameworks */,
				A900E4631CC8DD5800C44271 /* Alamofire.framework in Frameworks */,
				A9F43F0C1CB54A7000007FD4 /* AssetsLibrary.framework in Frameworks */,
				A9981E0D1CC50695001659C3 /* FBSDKCoreKit.framework in Frameworks */,
				A9981E0F1CC50695001659C3 /* FBSDKShareKit.framework in Frameworks */,
				A9981E0E1CC50695001659C3 /* FBSDKLoginKit.framework in Frameworks */,
				A9DE88F01CAE8CA600767910 /* GPUImage.framework in Frameworks */,
				D7E29E940AE5EB7D2CEB6A00 /* Pods_Kamarada.framework in Frameworks */,
			);
			runOnlyForDeploymentPostprocessing = 0;
		};
		A955F50A1CA95B0D00B0CF62 /* Frameworks */ = {
			isa = PBXFrameworksBuildPhase;
			buildActionMask = 2147483647;
			files = (
			);
			runOnlyForDeploymentPostprocessing = 0;
		};
		A955F5151CA95B0D00B0CF62 /* Frameworks */ = {
			isa = PBXFrameworksBuildPhase;
			buildActionMask = 2147483647;
			files = (
			);
			runOnlyForDeploymentPostprocessing = 0;
		};
/* End PBXFrameworksBuildPhase section */

/* Begin PBXGroup section */
		61EFC139E65530636B044E12 /* Frameworks */ = {
			isa = PBXGroup;
			children = (
				A900E4651CC8DDAF00C44271 /* Mixpanel.framework */,
				A900E4621CC8DD5800C44271 /* Alamofire.framework */,
				A9981E0A1CC50695001659C3 /* FBSDKCoreKit.framework */,
				A9981E0B1CC50695001659C3 /* FBSDKLoginKit.framework */,
				A9981E0C1CC50695001659C3 /* FBSDKShareKit.framework */,
				08A3D806EE5ED7EA303D26B7 /* Pods_Kamarada.framework */,
			);
			name = Frameworks;
			sourceTree = "<group>";
		};
		A900E4FA1CC9026C00C44271 /* Utils */ = {
			isa = PBXGroup;
			children = (
				A953390E1D253922006890E7 /* AVResolutionParse.swift */,
				A900E4F81CC9026800C44271 /* Utils.swift */,
			);
			name = Utils;
			sourceTree = "<group>";
		};
		A9093CE11CD111AD00A099A6 /* ISO639-2 */ = {
			isa = PBXGroup;
			children = (
				A9093CE61CD1134D00A099A6 /* iso639_2.bundle */,
				A9093CE21CD111C000A099A6 /* NSLocale+ISO639_2.h */,
				A9093CE31CD111C000A099A6 /* NSLocale+ISO639_2.m */,
			);
			name = "ISO639-2";
			sourceTree = "<group>";
		};
		A90E10F11CC6413E00FC3172 /* Fonts */ = {
			isa = PBXGroup;
			children = (
				A90E10F01CC6413B00FC3172 /* Roboto-Regular.ttf */,
			);
			name = Fonts;
			sourceTree = "<group>";
		};
		A91AD86D1CE200B70026867B /* 320*240 */ = {
			isa = PBXGroup;
			children = (
				A91AD86E1CE200F20026867B /* silent_film_overlay_a_320_240.png */,
				A91AD86F1CE200F20026867B /* silent_film_overlay_b_320_240.png */,
				A91AD8701CE200F20026867B /* silent_film_overlay_c_320_240.png */,
				A91AD8711CE200F20026867B /* silent_film_overlay_d_320_240.png */,
				A91AD8721CE200F20026867B /* silent_film_overlay_e_320_240.png */,
				A91AD8731CE200F20026867B /* silent_film_overlay_f_320_240.png */,
				A91AD8741CE200F20026867B /* silent_film_overlay_g_320_240.png */,
				A91AD8751CE200F20026867B /* silent_film_overlay_h_320_240.png */,
				A91AD8761CE200F20026867B /* silent_film_overlay_i_320_240.png */,
				A91AD8771CE200F20026867B /* silent_film_overlay_j_320_240.png */,
			);
			name = "320*240";
			sourceTree = "<group>";
		};
		A9301F831D23AEAD00C414A0 /* Modules */ = {
			isa = PBXGroup;
			children = (
				A9301F921D23AFAB00C414A0 /* Mixpanel Tracker */,
				A9301F881D23AEC600C414A0 /* Settings */,
				A9301F871D23AEC100C414A0 /* Share */,
				A9301F861D23AEB400C414A0 /* Recorder */,
			);
			name = Modules;
			sourceTree = "<group>";
		};
		A9301F861D23AEB400C414A0 /* Recorder */ = {
			isa = PBXGroup;
			children = (
				A9301FE81D23B4AC00C414A0 /* App Logic */,
				A9301FE71D23B4A400C414A0 /* User Interface */,
			);
			name = Recorder;
			sourceTree = "<group>";
		};
		A9301F871D23AEC100C414A0 /* Share */ = {
			isa = PBXGroup;
			children = (
				A9301FC21D23B39400C414A0 /* App Logic */,
				A9301FC11D23B38800C414A0 /* User Interface */,
			);
			name = Share;
			sourceTree = "<group>";
		};
		A9301F881D23AEC600C414A0 /* Settings */ = {
			isa = PBXGroup;
			children = (
				A9301F961D23B08B00C414A0 /* App Logic */,
				A9301F951D23B07200C414A0 /* User Interface */,
			);
			name = Settings;
			sourceTree = "<group>";
		};
		A9301F891D23AED400C414A0 /* Common */ = {
			isa = PBXGroup;
			children = (
				A9301F8F1D23AF6C00C414A0 /* User Interface */,
				A9301F8E1D23AF5D00C414A0 /* Constants */,
				A9301F8B1D23AF2900C414A0 /* Wireframe */,
				A9E0BFE61CD3558A0087D089 /* Resources */,
				A900E4FA1CC9026C00C44271 /* Utils */,
				A9093CE11CD111AD00A099A6 /* ISO639-2 */,
			);
			name = Common;
			sourceTree = "<group>";
		};
		A9301F8A1D23AF0A00C414A0 /* StoryBoard */ = {
			isa = PBXGroup;
			children = (
				A95339081D2530B0006890E7 /* Main.storyboard */,
				A955F5051CA95B0D00B0CF62 /* LaunchScreen.storyboard */,
			);
			name = StoryBoard;
			sourceTree = "<group>";
		};
		A9301F8B1D23AF2900C414A0 /* Wireframe */ = {
			isa = PBXGroup;
			children = (
				A9301F8C1D23AF3E00C414A0 /* RootWireframe.swift */,
			);
			name = Wireframe;
			sourceTree = "<group>";
		};
		A9301F8E1D23AF5D00C414A0 /* Constants */ = {
			isa = PBXGroup;
			children = (
				A900E45E1CC8CD0300C44271 /* AnalitycsConstants.swift */,
				A900E4691CC8E36A00C44271 /* ConfigPreferences.swift */,
			);
			name = Constants;
			sourceTree = "<group>";
		};
		A9301F8F1D23AF6C00C414A0 /* User Interface */ = {
			isa = PBXGroup;
			children = (
				A9301F901D23AF8400C414A0 /* KamaradaController.swift */,
			);
			name = "User Interface";
			sourceTree = "<group>";
		};
		A9301F921D23AFAB00C414A0 /* Mixpanel Tracker */ = {
			isa = PBXGroup;
			children = (
				A9301F931D23AFBD00C414A0 /* KamaradaTracker.swift */,
			);
			name = "Mixpanel Tracker";
			sourceTree = "<group>";
		};
		A9301F951D23B07200C414A0 /* User Interface */ = {
			isa = PBXGroup;
			children = (
				A9301F991D23B09A00C414A0 /* Presenter */,
				A9301F981D23B09500C414A0 /* View */,
				A9301F971D23B09100C414A0 /* Wireframe */,
			);
			name = "User Interface";
			sourceTree = "<group>";
		};
		A9301F961D23B08B00C414A0 /* App Logic */ = {
			isa = PBXGroup;
			children = (
				A9301F9B1D23B0A400C414A0 /* Model */,
				A9301F9A1D23B0A000C414A0 /* Interactor */,
			);
			name = "App Logic";
			sourceTree = "<group>";
		};
		A9301F971D23B09100C414A0 /* Wireframe */ = {
			isa = PBXGroup;
			children = (
				A9301FB51D23B24D00C414A0 /* SettingsWireframe.swift */,
			);
			name = Wireframe;
			sourceTree = "<group>";
		};
		A9301F981D23B09500C414A0 /* View */ = {
			isa = PBXGroup;
			children = (
				A9F777B61D269E8F008D479B /* SettingsViewController.swift */,
				A9301FB31D23B21F00C414A0 /* SettingsInterface.swift */,
			);
			name = View;
			sourceTree = "<group>";
		};
		A9301F991D23B09A00C414A0 /* Presenter */ = {
			isa = PBXGroup;
			children = (
				A9301FAB1D23B1F900C414A0 /* SettingsPresenter.swift */,
				A9301FAC1D23B1F900C414A0 /* SettingsPresenterInterface.swift */,
			);
			name = Presenter;
			sourceTree = "<group>";
		};
		A9301F9A1D23B0A000C414A0 /* Interactor */ = {
			isa = PBXGroup;
			children = (
				A9301FA91D23B1EE00C414A0 /* SettingsInteractor.swift */,
				A9301FB91D23B28F00C414A0 /* SettingsInteractorInterface.swift */,
			);
			name = Interactor;
			sourceTree = "<group>";
		};
		A9301F9B1D23B0A400C414A0 /* Model */ = {
			isa = PBXGroup;
			children = (
				A9301FBB1D23B2FB00C414A0 /* SettingsProvider.swift */,
				A9301FBD1D23B31900C414A0 /* SettingsContent.swift */,
				A9301FBF1D23B32F00C414A0 /* SettingsConstants.swift */,
			);
			name = Model;
			sourceTree = "<group>";
		};
		A9301FC11D23B38800C414A0 /* User Interface */ = {
			isa = PBXGroup;
			children = (
				A9301FC51D23B3B300C414A0 /* Presenter */,
				A9301FC41D23B3AD00C414A0 /* View */,
				A9301FC31D23B3A800C414A0 /* Wireframe */,
			);
			name = "User Interface";
			sourceTree = "<group>";
		};
		A9301FC21D23B39400C414A0 /* App Logic */ = {
			isa = PBXGroup;
			children = (
				A9301FC71D23B3BE00C414A0 /* Interactor */,
				A9301FC61D23B3BA00C414A0 /* Model */,
			);
			name = "App Logic";
			sourceTree = "<group>";
		};
		A9301FC31D23B3A800C414A0 /* Wireframe */ = {
			isa = PBXGroup;
			children = (
				A9301FC81D23B3CD00C414A0 /* ShareWireframe.swift */,
			);
			name = Wireframe;
			sourceTree = "<group>";
		};
		A9301FC41D23B3AD00C414A0 /* View */ = {
			isa = PBXGroup;
			children = (
				A9301FCA1D23B41000C414A0 /* ShareInterface.swift */,
				A9301FCB1D23B41000C414A0 /* ShareViewController.swift */,
			);
			name = View;
			sourceTree = "<group>";
		};
		A9301FC51D23B3B300C414A0 /* Presenter */ = {
			isa = PBXGroup;
			children = (
				A9301FCE1D23B41B00C414A0 /* SharePresenter.swift */,
				A9301FCF1D23B41B00C414A0 /* SharePresenterInterface.swift */,
			);
			name = Presenter;
			sourceTree = "<group>";
		};
		A9301FC61D23B3BA00C414A0 /* Model */ = {
			isa = PBXGroup;
			children = (
				A95339141D2539E5006890E7 /* ShareConstants.swift */,
				A9301FE31D23B46A00C414A0 /* SocialNetwork.swift */,
				A9301FE41D23B46A00C414A0 /* SocialNetworkProvider.swift */,
			);
			name = Model;
			sourceTree = "<group>";
		};
		A9301FC71D23B3BE00C414A0 /* Interactor */ = {
			isa = PBXGroup;
			children = (
				A9301FD21D23B43500C414A0 /* ShareSocialNetworkInteractor */,
				A9301FD31D23B44800C414A0 /* ShareInteractor.swift */,
				A9301FD41D23B44800C414A0 /* ShareInteractorInterface.swift */,
			);
			name = Interactor;
			sourceTree = "<group>";
		};
		A9301FD21D23B43500C414A0 /* ShareSocialNetworkInteractor */ = {
			isa = PBXGroup;
			children = (
				A9F777AF1D26838A008D479B /* TwitterVideoUpload */,
				A9301FD71D23B45B00C414A0 /* ShareFacebookInteractor.swift */,
				A9301FD81D23B45B00C414A0 /* ShareInstagramInteractor.swift */,
				A9301FD91D23B45B00C414A0 /* ShareSocialNetworkInteractor.swift */,
				A9301FDA1D23B45B00C414A0 /* ShareTwitterInteractor.swift */,
				A9301FDB1D23B45B00C414A0 /* ShareWhatsappInteractor.swift */,
				A9301FDC1D23B45B00C414A0 /* ShareYoutubeInteractor.swift */,
			);
			name = ShareSocialNetworkInteractor;
			sourceTree = "<group>";
		};
		A9301FE71D23B4A400C414A0 /* User Interface */ = {
			isa = PBXGroup;
			children = (
				A9301FEB1D23B4BB00C414A0 /* Presenter */,
				A9301FEA1D23B4B600C414A0 /* View */,
				A9301FE91D23B4B100C414A0 /* Wireframe */,
			);
			name = "User Interface";
			sourceTree = "<group>";
		};
		A9301FE81D23B4AC00C414A0 /* App Logic */ = {
			isa = PBXGroup;
			children = (
				A9301FED1D23B4C400C414A0 /* Interactor */,
				A9301FEC1D23B4C000C414A0 /* Model */,
			);
			name = "App Logic";
			sourceTree = "<group>";
		};
		A9301FE91D23B4B100C414A0 /* Wireframe */ = {
			isa = PBXGroup;
			children = (
				A9301FEE1D23B4CC00C414A0 /* RecordWireframe.swift */,
			);
			name = Wireframe;
			sourceTree = "<group>";
		};
		A9301FEA1D23B4B600C414A0 /* View */ = {
			isa = PBXGroup;
			children = (
				A9301FF41D23B4DD00C414A0 /* RecordController.swift */,
				A9301FF51D23B4DD00C414A0 /* RecordViewInterface.swift */,
			);
			name = View;
			sourceTree = "<group>";
		};
		A9301FEB1D23B4BB00C414A0 /* Presenter */ = {
			isa = PBXGroup;
			children = (
				A9301FF01D23B4D600C414A0 /* RecordPresenter.swift */,
				A9301FF11D23B4D600C414A0 /* RecordPresenterInterfaceIO.swift */,
			);
			name = Presenter;
			sourceTree = "<group>";
		};
		A9301FEC1D23B4C000C414A0 /* Model */ = {
			isa = PBXGroup;
			children = (
				A9301FF81D23B4FE00C414A0 /* RecorderConstants.swift */,
			);
			name = Model;
			sourceTree = "<group>";
		};
		A9301FED1D23B4C400C414A0 /* Interactor */ = {
			isa = PBXGroup;
			children = (
				A9F777BC1D2A4448008D479B /* CameraInteractor.swift */,
				A9F777BD1D2A4448008D479B /* CameraInteractorInterface.swift */,
				A93020031D23B5E300C414A0 /* ThumbnailInteractor */,
				A93020021D23B5DC00C414A0 /* TimerInteractor */,
				A93020011D23B5D600C414A0 /* FlashInteractor */,
				A93020101D23B62A00C414A0 /* FiltersInteractor */,
				A93020001D23B5CD00C414A0 /* ExporterInteractor */,
				A9301FFF1D23B5C100C414A0 /* RecorderInteractor */,
				A9301FFE1D23B52000C414A0 /* Kamarada Album */,
			);
			name = Interactor;
			sourceTree = "<group>";
		};
		A9301FFE1D23B52000C414A0 /* Kamarada Album */ = {
			isa = PBXGroup;
			children = (
				A95339101D253950006890E7 /* ClipsAlbum.swift */,
				A95339111D253950006890E7 /* ExportedAlbum.swift */,
			);
			name = "Kamarada Album";
			sourceTree = "<group>";
		};
		A9301FFF1D23B5C100C414A0 /* RecorderInteractor */ = {
			isa = PBXGroup;
			children = (
				A93020041D23B60000C414A0 /* CameraRecorderInteractor.swift */,
				A93020051D23B60000C414A0 /* CameraRecorderInterface.swift */,
			);
			name = RecorderInteractor;
			sourceTree = "<group>";
		};
		A93020001D23B5CD00C414A0 /* ExporterInteractor */ = {
			isa = PBXGroup;
			children = (
				A93020081D23B60A00C414A0 /* ExporterInteractor.swift */,
			);
			name = ExporterInteractor;
			sourceTree = "<group>";
		};
		A93020011D23B5D600C414A0 /* FlashInteractor */ = {
			isa = PBXGroup;
			children = (
				A953390C1D2535F2006890E7 /* FlashInteractor.swift */,
			);
			name = FlashInteractor;
			sourceTree = "<group>";
		};
		A93020021D23B5DC00C414A0 /* TimerInteractor */ = {
			isa = PBXGroup;
			children = (
				A93020111D23B65400C414A0 /* TimerInteractor.swift */,
				A93020121D23B65400C414A0 /* TimerInteractorInterface.swift */,
			);
			name = TimerInteractor;
			sourceTree = "<group>";
		};
		A93020031D23B5E300C414A0 /* ThumbnailInteractor */ = {
			isa = PBXGroup;
			children = (
				A93020151D23B65D00C414A0 /* ThumbnailInteractor.swift */,
			);
			name = ThumbnailInteractor;
			sourceTree = "<group>";
		};
		A93020101D23B62A00C414A0 /* FiltersInteractor */ = {
			isa = PBXGroup;
			children = (
				A930200A1D23B62800C414A0 /* AddFilterInteractor.swift */,
				A930200B1D23B62800C414A0 /* ChangeFilterInteractor.swift */,
				A930200C1D23B62800C414A0 /* RemoveFilterInteractor.swift */,
			);
			name = FiltersInteractor;
			sourceTree = "<group>";
		};
		A955F4F01CA95B0D00B0CF62 = {
			isa = PBXGroup;
			children = (
				A9F43F0B1CB54A7000007FD4 /* AssetsLibrary.framework */,
				A9DE88E41CAE8C9B00767910 /* GPUImage.xcodeproj */,
				A955F4FB1CA95B0D00B0CF62 /* Kamarada */,
				A955F5101CA95B0D00B0CF62 /* KamaradaTests */,
				A955F51B1CA95B0E00B0CF62 /* KamaradaUITests */,
				A955F4FA1CA95B0D00B0CF62 /* Products */,
				FCB765DB3840268312E300C4 /* Pods */,
				61EFC139E65530636B044E12 /* Frameworks */,
			);
			sourceTree = "<group>";
		};
		A955F4FA1CA95B0D00B0CF62 /* Products */ = {
			isa = PBXGroup;
			children = (
				A955F4F91CA95B0D00B0CF62 /* Kamarada.app */,
				A955F50D1CA95B0D00B0CF62 /* KamaradaTests.xctest */,
				A955F5181CA95B0E00B0CF62 /* KamaradaUITests.xctest */,
			);
			name = Products;
			sourceTree = "<group>";
		};
		A955F4FB1CA95B0D00B0CF62 /* Kamarada */ = {
			isa = PBXGroup;
			children = (
				A9F777B21D268D22008D479B /* filter_free.png */,
				A9301F891D23AED400C414A0 /* Common */,
				A9301F831D23AEAD00C414A0 /* Modules */,
				A9DE88FA1CAE922800767910 /* Data Model */,
				A9F4A1B21CABCAC700B12907 /* Controllers */,
				A955F5031CA95B0D00B0CF62 /* Assets.xcassets */,
				A9E0BFE71CD355950087D089 /* Plist */,
				A955F4FC1CA95B0D00B0CF62 /* AppDelegate.swift */,
				A93020171D23B68B00C414A0 /* AppDependencies.swift */,
				A9981E011CC501D0001659C3 /* Kamarada-Bridging-Header.h */,
				A9301F8A1D23AF0A00C414A0 /* StoryBoard */,
			);
			path = Kamarada;
			sourceTree = "<group>";
		};
		A955F5101CA95B0D00B0CF62 /* KamaradaTests */ = {
			isa = PBXGroup;
			children = (
				A955F5111CA95B0D00B0CF62 /* KamaradaTests.swift */,
				A955F5131CA95B0D00B0CF62 /* Info.plist */,
			);
			path = KamaradaTests;
			sourceTree = "<group>";
		};
		A955F51B1CA95B0E00B0CF62 /* KamaradaUITests */ = {
			isa = PBXGroup;
			children = (
				A955F51C1CA95B0E00B0CF62 /* KamaradaUITests.swift */,
				A955F51E1CA95B0E00B0CF62 /* Info.plist */,
			);
			path = KamaradaUITests;
			sourceTree = "<group>";
		};
		A9DBA8671CB6A18A00F3E3F5 /* GrainFilter */ = {
			isa = PBXGroup;
			children = (
				A91AD86D1CE200B70026867B /* 320*240 */,
				A91AD8591CE1F4DE0026867B /* silent_film_overlay_a.png */,
				A91AD85A1CE1F4DE0026867B /* silent_film_overlay_b.png */,
				A91AD85B1CE1F4DE0026867B /* silent_film_overlay_c.png */,
				A91AD85C1CE1F4DE0026867B /* silent_film_overlay_d.png */,
				A91AD85D1CE1F4DE0026867B /* silent_film_overlay_e.png */,
				A91AD85E1CE1F4DE0026867B /* silent_film_overlay_f.png */,
				A91AD85F1CE1F4DE0026867B /* silent_film_overlay_g.png */,
				A91AD8601CE1F4DE0026867B /* silent_film_overlay_h.png */,
				A91AD8611CE1F4DE0026867B /* silent_film_overlay_i.png */,
				A91AD8621CE1F4DE0026867B /* silent_film_overlay_j.png */,
			);
			name = GrainFilter;
			sourceTree = "<group>";
		};
		A9DE88E51CAE8C9B00767910 /* Products */ = {
			isa = PBXGroup;
			children = (
				A9DE88EB1CAE8C9B00767910 /* libGPUImage.a */,
				A9DE88ED1CAE8C9B00767910 /* GPUImage.framework */,
			);
			name = Products;
			sourceTree = "<group>";
		};
		A9DE88FA1CAE922800767910 /* Data Model */ = {
			isa = PBXGroup;
			children = (
				A9DE88F61CAE922200767910 /* FilterOperations.swift */,
				A9DE88F71CAE922200767910 /* FilterOperationTypes.swift */,
			);
			name = "Data Model";
			sourceTree = "<group>";
		};
		A9E0BFE61CD3558A0087D089 /* Resources */ = {
			isa = PBXGroup;
			children = (
				A918CBE01CAAD175009F2A50 /* Settings.strings */,
				A9DBA8671CB6A18A00F3E3F5 /* GrainFilter */,
				A90E10F11CC6413E00FC3172 /* Fonts */,
				A9F43F061CB4F13400007FD4 /* Audio */,
			);
			name = Resources;
			sourceTree = "<group>";
		};
		A9E0BFE71CD355950087D089 /* Plist */ = {
			isa = PBXGroup;
			children = (
				A9CB568A1CCE2E6D00E39F11 /* GoogleService-Info.plist */,
				A955F5081CA95B0D00B0CF62 /* Info.plist */,
			);
			name = Plist;
			sourceTree = "<group>";
		};
		A9F43F061CB4F13400007FD4 /* Audio */ = {
			isa = PBXGroup;
			children = (
				A9F43F021CB4F13000007FD4 /* kamarada_audio.mp3 */,
			);
			name = Audio;
			sourceTree = "<group>";
		};
		A9F4A1B21CABCAC700B12907 /* Controllers */ = {
			isa = PBXGroup;
			children = (
				A955F4FE1CA95B0D00B0CF62 /* MainViewController.swift */,
				A9B903751CAA8E68001839C7 /* DetailSettingsController.swift */,
				A918CBDE1CAAB670009F2A50 /* SharedViewController.swift */,
				A95EB5271CA97AD7000EAAB0 /* SettingsController.swift */,
			);
			name = Controllers;
			sourceTree = "<group>";
		};
		A9F777AF1D26838A008D479B /* TwitterVideoUpload */ = {
			isa = PBXGroup;
			children = (
				A9F777AA1D268386008D479B /* TwitterVideoUpload.h */,
				A9F777AB1D268386008D479B /* TwitterVideoUpload.m */,
			);
			name = TwitterVideoUpload;
			sourceTree = "<group>";
		};
		FCB765DB3840268312E300C4 /* Pods */ = {
			isa = PBXGroup;
			children = (
				14C5A25F518DA8F439A9000A /* Pods-Kamarada.debug.xcconfig */,
				679A42B7612B072E70607B0E /* Pods-Kamarada.release.xcconfig */,
			);
			name = Pods;
			sourceTree = "<group>";
		};
/* End PBXGroup section */

/* Begin PBXNativeTarget section */
		A955F4F81CA95B0D00B0CF62 /* Kamarada */ = {
			isa = PBXNativeTarget;
			buildConfigurationList = A955F5211CA95B0E00B0CF62 /* Build configuration list for PBXNativeTarget "Kamarada" */;
			buildPhases = (
				7AA5FE4DD5FCB9C5AD74FD0C /* Check Pods Manifest.lock */,
				A955F4F51CA95B0D00B0CF62 /* Sources */,
				A955F4F61CA95B0D00B0CF62 /* Frameworks */,
				A955F4F71CA95B0D00B0CF62 /* Resources */,
				A9DE88F11CAE8CC600767910 /* CopyFiles */,
				9A5F9C9127D6FDB9920FCC72 /* Embed Pods Frameworks */,
				F3AAA5F6F1BAF5D9B782018E /* Copy Pods Resources */,
			);
			buildRules = (
			);
			dependencies = (
				A9DE88EF1CAE8CA100767910 /* PBXTargetDependency */,
			);
			name = Kamarada;
			productName = Kamarada;
			productReference = A955F4F91CA95B0D00B0CF62 /* Kamarada.app */;
			productType = "com.apple.product-type.application";
		};
		A955F50C1CA95B0D00B0CF62 /* KamaradaTests */ = {
			isa = PBXNativeTarget;
			buildConfigurationList = A955F5241CA95B0E00B0CF62 /* Build configuration list for PBXNativeTarget "KamaradaTests" */;
			buildPhases = (
				A955F5091CA95B0D00B0CF62 /* Sources */,
				A955F50A1CA95B0D00B0CF62 /* Frameworks */,
				A955F50B1CA95B0D00B0CF62 /* Resources */,
			);
			buildRules = (
			);
			dependencies = (
				A955F50F1CA95B0D00B0CF62 /* PBXTargetDependency */,
			);
			name = KamaradaTests;
			productName = KamaradaTests;
			productReference = A955F50D1CA95B0D00B0CF62 /* KamaradaTests.xctest */;
			productType = "com.apple.product-type.bundle.unit-test";
		};
		A955F5171CA95B0D00B0CF62 /* KamaradaUITests */ = {
			isa = PBXNativeTarget;
			buildConfigurationList = A955F5271CA95B0E00B0CF62 /* Build configuration list for PBXNativeTarget "KamaradaUITests" */;
			buildPhases = (
				A955F5141CA95B0D00B0CF62 /* Sources */,
				A955F5151CA95B0D00B0CF62 /* Frameworks */,
				A955F5161CA95B0D00B0CF62 /* Resources */,
			);
			buildRules = (
			);
			dependencies = (
				A955F51A1CA95B0E00B0CF62 /* PBXTargetDependency */,
			);
			name = KamaradaUITests;
			productName = KamaradaUITests;
			productReference = A955F5181CA95B0E00B0CF62 /* KamaradaUITests.xctest */;
			productType = "com.apple.product-type.bundle.ui-testing";
		};
/* End PBXNativeTarget section */

/* Begin PBXProject section */
		A955F4F11CA95B0D00B0CF62 /* Project object */ = {
			isa = PBXProject;
			attributes = {
				LastSwiftUpdateCheck = 0730;
				LastUpgradeCheck = 0730;
				ORGANIZATIONNAME = Videona;
				TargetAttributes = {
					A955F4F81CA95B0D00B0CF62 = {
						CreatedOnToolsVersion = 7.3;
						DevelopmentTeam = ZJPH8FQZB2;
					};
					A955F50C1CA95B0D00B0CF62 = {
						CreatedOnToolsVersion = 7.3;
						TestTargetID = A955F4F81CA95B0D00B0CF62;
					};
					A955F5171CA95B0D00B0CF62 = {
						CreatedOnToolsVersion = 7.3;
						TestTargetID = A955F4F81CA95B0D00B0CF62;
					};
				};
			};
			buildConfigurationList = A955F4F41CA95B0D00B0CF62 /* Build configuration list for PBXProject "Kamarada" */;
			compatibilityVersion = "Xcode 3.2";
			developmentRegion = English;
			hasScannedForEncodings = 0;
			knownRegions = (
				en,
				Base,
			);
			mainGroup = A955F4F01CA95B0D00B0CF62;
			productRefGroup = A955F4FA1CA95B0D00B0CF62 /* Products */;
			projectDirPath = "";
			projectReferences = (
				{
					ProductGroup = A9DE88E51CAE8C9B00767910 /* Products */;
					ProjectRef = A9DE88E41CAE8C9B00767910 /* GPUImage.xcodeproj */;
				},
			);
			projectRoot = "";
			targets = (
				A955F4F81CA95B0D00B0CF62 /* Kamarada */,
				A955F50C1CA95B0D00B0CF62 /* KamaradaTests */,
				A955F5171CA95B0D00B0CF62 /* KamaradaUITests */,
			);
		};
/* End PBXProject section */

/* Begin PBXReferenceProxy section */
		A9DE88EB1CAE8C9B00767910 /* libGPUImage.a */ = {
			isa = PBXReferenceProxy;
			fileType = archive.ar;
			path = libGPUImage.a;
			remoteRef = A9DE88EA1CAE8C9B00767910 /* PBXContainerItemProxy */;
			sourceTree = BUILT_PRODUCTS_DIR;
		};
		A9DE88ED1CAE8C9B00767910 /* GPUImage.framework */ = {
			isa = PBXReferenceProxy;
			fileType = wrapper.framework;
			path = GPUImage.framework;
			remoteRef = A9DE88EC1CAE8C9B00767910 /* PBXContainerItemProxy */;
			sourceTree = BUILT_PRODUCTS_DIR;
		};
/* End PBXReferenceProxy section */

/* Begin PBXResourcesBuildPhase section */
		A955F4F71CA95B0D00B0CF62 /* Resources */ = {
			isa = PBXResourcesBuildPhase;
			buildActionMask = 2147483647;
			files = (
				A91AD8651CE1F4DE0026867B /* silent_film_overlay_c.png in Resources */,
				A90E10F21CC6425800FC3172 /* Roboto-Regular.ttf in Resources */,
				A91AD87E1CE200F20026867B /* silent_film_overlay_g_320_240.png in Resources */,
				A955F5071CA95B0D00B0CF62 /* LaunchScreen.storyboard in Resources */,
				A91AD87D1CE200F20026867B /* silent_film_overlay_f_320_240.png in Resources */,
				A918CBE11CAAD175009F2A50 /* Settings.strings in Resources */,
				A91AD87C1CE200F20026867B /* silent_film_overlay_e_320_240.png in Resources */,
				A953390A1D2530B0006890E7 /* Main.storyboard in Resources */,
				A91AD87F1CE200F20026867B /* silent_film_overlay_h_320_240.png in Resources */,
				A91AD8631CE1F4DE0026867B /* silent_film_overlay_a.png in Resources */,
				A91AD86B1CE1F4DE0026867B /* silent_film_overlay_i.png in Resources */,
				A91AD8641CE1F4DE0026867B /* silent_film_overlay_b.png in Resources */,
				A91AD8811CE200F20026867B /* silent_film_overlay_j_320_240.png in Resources */,
				A91AD8791CE200F20026867B /* silent_film_overlay_b_320_240.png in Resources */,
				A91AD8661CE1F4DE0026867B /* silent_film_overlay_d.png in Resources */,
				A91AD8781CE200F20026867B /* silent_film_overlay_a_320_240.png in Resources */,
				A955F5041CA95B0D00B0CF62 /* Assets.xcassets in Resources */,
				A91AD87B1CE200F20026867B /* silent_film_overlay_d_320_240.png in Resources */,
				A9CB568B1CCE2E6D00E39F11 /* GoogleService-Info.plist in Resources */,
				A91AD8691CE1F4DE0026867B /* silent_film_overlay_g.png in Resources */,
				A91AD86A1CE1F4DE0026867B /* silent_film_overlay_h.png in Resources */,
				A91AD86C1CE1F4DE0026867B /* silent_film_overlay_j.png in Resources */,
				A91AD8681CE1F4DE0026867B /* silent_film_overlay_f.png in Resources */,
				A9093CE71CD1134D00A099A6 /* iso639_2.bundle in Resources */,
				A91AD87A1CE200F20026867B /* silent_film_overlay_c_320_240.png in Resources */,
				A91AD8801CE200F20026867B /* silent_film_overlay_i_320_240.png in Resources */,
				A9F43F031CB4F13000007FD4 /* kamarada_audio.mp3 in Resources */,
				A9F777B31D268D22008D479B /* filter_free.png in Resources */,
				A91AD8671CE1F4DE0026867B /* silent_film_overlay_e.png in Resources */,
			);
			runOnlyForDeploymentPostprocessing = 0;
		};
		A955F50B1CA95B0D00B0CF62 /* Resources */ = {
			isa = PBXResourcesBuildPhase;
			buildActionMask = 2147483647;
			files = (
			);
			runOnlyForDeploymentPostprocessing = 0;
		};
		A955F5161CA95B0D00B0CF62 /* Resources */ = {
			isa = PBXResourcesBuildPhase;
			buildActionMask = 2147483647;
			files = (
			);
			runOnlyForDeploymentPostprocessing = 0;
		};
/* End PBXResourcesBuildPhase section */

/* Begin PBXShellScriptBuildPhase section */
		7AA5FE4DD5FCB9C5AD74FD0C /* Check Pods Manifest.lock */ = {
			isa = PBXShellScriptBuildPhase;
			buildActionMask = 2147483647;
			files = (
			);
			inputPaths = (
			);
			name = "Check Pods Manifest.lock";
			outputPaths = (
			);
			runOnlyForDeploymentPostprocessing = 0;
			shellPath = /bin/sh;
			shellScript = "diff \"${PODS_ROOT}/../Podfile.lock\" \"${PODS_ROOT}/Manifest.lock\" > /dev/null\nif [[ $? != 0 ]] ; then\n    cat << EOM\nerror: The sandbox is not in sync with the Podfile.lock. Run 'pod install' or update your CocoaPods installation.\nEOM\n    exit 1\nfi\n";
			showEnvVarsInLog = 0;
		};
		9A5F9C9127D6FDB9920FCC72 /* Embed Pods Frameworks */ = {
			isa = PBXShellScriptBuildPhase;
			buildActionMask = 2147483647;
			files = (
			);
			inputPaths = (
			);
			name = "Embed Pods Frameworks";
			outputPaths = (
			);
			runOnlyForDeploymentPostprocessing = 0;
			shellPath = /bin/sh;
			shellScript = "\"${SRCROOT}/Pods/Target Support Files/Pods-Kamarada/Pods-Kamarada-frameworks.sh\"\n";
			showEnvVarsInLog = 0;
		};
		F3AAA5F6F1BAF5D9B782018E /* Copy Pods Resources */ = {
			isa = PBXShellScriptBuildPhase;
			buildActionMask = 2147483647;
			files = (
			);
			inputPaths = (
			);
			name = "Copy Pods Resources";
			outputPaths = (
			);
			runOnlyForDeploymentPostprocessing = 0;
			shellPath = /bin/sh;
			shellScript = "\"${SRCROOT}/Pods/Target Support Files/Pods-Kamarada/Pods-Kamarada-resources.sh\"\n";
			showEnvVarsInLog = 0;
		};
/* End PBXShellScriptBuildPhase section */

/* Begin PBXSourcesBuildPhase section */
		A955F4F51CA95B0D00B0CF62 /* Sources */ = {
			isa = PBXSourcesBuildPhase;
			buildActionMask = 2147483647;
			files = (
				A9301FDF1D23B45B00C414A0 /* ShareSocialNetworkInteractor.swift in Sources */,
				A9301FF61D23B4DD00C414A0 /* RecordController.swift in Sources */,
				A9301FEF1D23B4CC00C414A0 /* RecordWireframe.swift in Sources */,
				A93020061D23B60000C414A0 /* CameraRecorderInteractor.swift in Sources */,
				A9301FF71D23B4DD00C414A0 /* RecordViewInterface.swift in Sources */,
				A93020071D23B60000C414A0 /* CameraRecorderInterface.swift in Sources */,
				A9301FDD1D23B45B00C414A0 /* ShareFacebookInteractor.swift in Sources */,
				A9301F941D23AFBD00C414A0 /* KamaradaTracker.swift in Sources */,
				A9DE88F91CAE922200767910 /* FilterOperationTypes.swift in Sources */,
				A9301FE01D23B45B00C414A0 /* ShareTwitterInteractor.swift in Sources */,
				A9301FD01D23B41B00C414A0 /* SharePresenter.swift in Sources */,
				A9301FD61D23B44800C414A0 /* ShareInteractorInterface.swift in Sources */,
				A9301FF91D23B4FE00C414A0 /* RecorderConstants.swift in Sources */,
				A900E45F1CC8CD0300C44271 /* AnalitycsConstants.swift in Sources */,
				A918CBDF1CAAB670009F2A50 /* SharedViewController.swift in Sources */,
				A95EB5281CA97AD7000EAAB0 /* SettingsController.swift in Sources */,
				A9301FAE1D23B1F900C414A0 /* SettingsPresenterInterface.swift in Sources */,
				A9093CE41CD111C000A099A6 /* NSLocale+ISO639_2.m in Sources */,
				A93020161D23B65D00C414A0 /* ThumbnailInteractor.swift in Sources */,
				A9B903761CAA8E68001839C7 /* DetailSettingsController.swift in Sources */,
				A9301FDE1D23B45B00C414A0 /* ShareInstagramInteractor.swift in Sources */,
				A93020141D23B65400C414A0 /* TimerInteractorInterface.swift in Sources */,
				A9301FAD1D23B1F900C414A0 /* SettingsPresenter.swift in Sources */,
				A93020181D23B68B00C414A0 /* AppDependencies.swift in Sources */,
				A9301FF31D23B4D600C414A0 /* RecordPresenterInterfaceIO.swift in Sources */,
				A9301FE61D23B46A00C414A0 /* SocialNetworkProvider.swift in Sources */,
				A95339121D253950006890E7 /* ClipsAlbum.swift in Sources */,
				A93020131D23B65400C414A0 /* TimerInteractor.swift in Sources */,
				A9301FC91D23B3CD00C414A0 /* ShareWireframe.swift in Sources */,
				A930200D1D23B62800C414A0 /* AddFilterInteractor.swift in Sources */,
				A9301F911D23AF8400C414A0 /* KamaradaController.swift in Sources */,
				A9301FF21D23B4D600C414A0 /* RecordPresenter.swift in Sources */,
				A9DE88F81CAE922200767910 /* FilterOperations.swift in Sources */,
				A9301FE21D23B45B00C414A0 /* ShareYoutubeInteractor.swift in Sources */,
				A9301FBC1D23B2FB00C414A0 /* SettingsProvider.swift in Sources */,
				A900E4F91CC9026800C44271 /* Utils.swift in Sources */,
				A9F777AC1D268386008D479B /* TwitterVideoUpload.m in Sources */,
				A9301FE51D23B46A00C414A0 /* SocialNetwork.swift in Sources */,
				A9301FCC1D23B41000C414A0 /* ShareInterface.swift in Sources */,
				A9301FE11D23B45B00C414A0 /* ShareWhatsappInteractor.swift in Sources */,
				A95339131D253950006890E7 /* ExportedAlbum.swift in Sources */,
				A9301F8D1D23AF3E00C414A0 /* RootWireframe.swift in Sources */,
				A9F777B71D269E8F008D479B /* SettingsViewController.swift in Sources */,
				A930200F1D23B62800C414A0 /* RemoveFilterInteractor.swift in Sources */,
				A95339151D2539E5006890E7 /* ShareConstants.swift in Sources */,
				A9F777BE1D2A4448008D479B /* CameraInteractor.swift in Sources */,
				A93020091D23B60A00C414A0 /* ExporterInteractor.swift in Sources */,
				A955F4FF1CA95B0D00B0CF62 /* MainViewController.swift in Sources */,
				A9301FC01D23B32F00C414A0 /* SettingsConstants.swift in Sources */,
				A9301FAA1D23B1EE00C414A0 /* SettingsInteractor.swift in Sources */,
				A900E46A1CC8E36A00C44271 /* ConfigPreferences.swift in Sources */,
				A9F777BF1D2A4448008D479B /* CameraInteractorInterface.swift in Sources */,
				A9301FD51D23B44800C414A0 /* ShareInteractor.swift in Sources */,
				A953390D1D2535F2006890E7 /* FlashInteractor.swift in Sources */,
				A9301FB61D23B24D00C414A0 /* SettingsWireframe.swift in Sources */,
				A9301FBA1D23B28F00C414A0 /* SettingsInteractorInterface.swift in Sources */,
				A930200E1D23B62800C414A0 /* ChangeFilterInteractor.swift in Sources */,
				A953390F1D253922006890E7 /* AVResolutionParse.swift in Sources */,
				A955F4FD1CA95B0D00B0CF62 /* AppDelegate.swift in Sources */,
				A9301FD11D23B41B00C414A0 /* SharePresenterInterface.swift in Sources */,
				A9301FCD1D23B41000C414A0 /* ShareViewController.swift in Sources */,
				A9301FBE1D23B31900C414A0 /* SettingsContent.swift in Sources */,
				A9301FB41D23B21F00C414A0 /* SettingsInterface.swift in Sources */,
			);
			runOnlyForDeploymentPostprocessing = 0;
		};
		A955F5091CA95B0D00B0CF62 /* Sources */ = {
			isa = PBXSourcesBuildPhase;
			buildActionMask = 2147483647;
			files = (
				A955F5121CA95B0D00B0CF62 /* KamaradaTests.swift in Sources */,
			);
			runOnlyForDeploymentPostprocessing = 0;
		};
		A955F5141CA95B0D00B0CF62 /* Sources */ = {
			isa = PBXSourcesBuildPhase;
			buildActionMask = 2147483647;
			files = (
				A955F51D1CA95B0E00B0CF62 /* KamaradaUITests.swift in Sources */,
			);
			runOnlyForDeploymentPostprocessing = 0;
		};
/* End PBXSourcesBuildPhase section */

/* Begin PBXTargetDependency section */
		A955F50F1CA95B0D00B0CF62 /* PBXTargetDependency */ = {
			isa = PBXTargetDependency;
			target = A955F4F81CA95B0D00B0CF62 /* Kamarada */;
			targetProxy = A955F50E1CA95B0D00B0CF62 /* PBXContainerItemProxy */;
		};
		A955F51A1CA95B0E00B0CF62 /* PBXTargetDependency */ = {
			isa = PBXTargetDependency;
			target = A955F4F81CA95B0D00B0CF62 /* Kamarada */;
			targetProxy = A955F5191CA95B0E00B0CF62 /* PBXContainerItemProxy */;
		};
		A9DE88EF1CAE8CA100767910 /* PBXTargetDependency */ = {
			isa = PBXTargetDependency;
			name = GPUImageFramework;
			targetProxy = A9DE88EE1CAE8CA100767910 /* PBXContainerItemProxy */;
		};
/* End PBXTargetDependency section */

/* Begin PBXVariantGroup section */
		A95339081D2530B0006890E7 /* Main.storyboard */ = {
			isa = PBXVariantGroup;
			children = (
				A95339091D2530B0006890E7 /* Base */,
			);
			name = Main.storyboard;
			sourceTree = "<group>";
		};
		A955F5051CA95B0D00B0CF62 /* LaunchScreen.storyboard */ = {
			isa = PBXVariantGroup;
			children = (
				A955F5061CA95B0D00B0CF62 /* Base */,
			);
			name = LaunchScreen.storyboard;
			sourceTree = "<group>";
		};
/* End PBXVariantGroup section */

/* Begin XCBuildConfiguration section */
		A955F51F1CA95B0E00B0CF62 /* Debug */ = {
			isa = XCBuildConfiguration;
			buildSettings = {
				ALWAYS_SEARCH_USER_PATHS = NO;
				CLANG_ANALYZER_NONNULL = YES;
				CLANG_CXX_LANGUAGE_STANDARD = "gnu++0x";
				CLANG_CXX_LIBRARY = "libc++";
				CLANG_ENABLE_MODULES = YES;
				CLANG_ENABLE_OBJC_ARC = YES;
				CLANG_WARN_BOOL_CONVERSION = YES;
				CLANG_WARN_CONSTANT_CONVERSION = YES;
				CLANG_WARN_DIRECT_OBJC_ISA_USAGE = YES_ERROR;
				CLANG_WARN_EMPTY_BODY = YES;
				CLANG_WARN_ENUM_CONVERSION = YES;
				CLANG_WARN_INT_CONVERSION = YES;
				CLANG_WARN_OBJC_ROOT_CLASS = YES_ERROR;
				CLANG_WARN_UNREACHABLE_CODE = YES;
				CLANG_WARN__DUPLICATE_METHOD_MATCH = YES;
				"CODE_SIGN_IDENTITY[sdk=iphoneos*]" = "iPhone Developer";
				COPY_PHASE_STRIP = NO;
				DEBUG_INFORMATION_FORMAT = dwarf;
				ENABLE_STRICT_OBJC_MSGSEND = YES;
				ENABLE_TESTABILITY = YES;
				GCC_C_LANGUAGE_STANDARD = gnu99;
				GCC_DYNAMIC_NO_PIC = NO;
				GCC_NO_COMMON_BLOCKS = YES;
				GCC_OPTIMIZATION_LEVEL = 0;
				GCC_PREPROCESSOR_DEFINITIONS = (
					"DEBUG=1",
					"$(inherited)",
				);
				GCC_WARN_64_TO_32_BIT_CONVERSION = YES;
				GCC_WARN_ABOUT_RETURN_TYPE = YES_ERROR;
				GCC_WARN_UNDECLARED_SELECTOR = YES;
				GCC_WARN_UNINITIALIZED_AUTOS = YES_AGGRESSIVE;
				GCC_WARN_UNUSED_FUNCTION = YES;
				GCC_WARN_UNUSED_VARIABLE = YES;
				IPHONEOS_DEPLOYMENT_TARGET = 9.3;
				MTL_ENABLE_DEBUG_INFO = YES;
				ONLY_ACTIVE_ARCH = YES;
				SDKROOT = iphoneos;
				SWIFT_OPTIMIZATION_LEVEL = "-Onone";
				TARGETED_DEVICE_FAMILY = "1,2";
			};
			name = Debug;
		};
		A955F5201CA95B0E00B0CF62 /* Release */ = {
			isa = XCBuildConfiguration;
			buildSettings = {
				ALWAYS_SEARCH_USER_PATHS = NO;
				CLANG_ANALYZER_NONNULL = YES;
				CLANG_CXX_LANGUAGE_STANDARD = "gnu++0x";
				CLANG_CXX_LIBRARY = "libc++";
				CLANG_ENABLE_MODULES = YES;
				CLANG_ENABLE_OBJC_ARC = YES;
				CLANG_WARN_BOOL_CONVERSION = YES;
				CLANG_WARN_CONSTANT_CONVERSION = YES;
				CLANG_WARN_DIRECT_OBJC_ISA_USAGE = YES_ERROR;
				CLANG_WARN_EMPTY_BODY = YES;
				CLANG_WARN_ENUM_CONVERSION = YES;
				CLANG_WARN_INT_CONVERSION = YES;
				CLANG_WARN_OBJC_ROOT_CLASS = YES_ERROR;
				CLANG_WARN_UNREACHABLE_CODE = YES;
				CLANG_WARN__DUPLICATE_METHOD_MATCH = YES;
				"CODE_SIGN_IDENTITY[sdk=iphoneos*]" = "iPhone Developer";
				COPY_PHASE_STRIP = NO;
				DEBUG_INFORMATION_FORMAT = "dwarf-with-dsym";
				ENABLE_NS_ASSERTIONS = NO;
				ENABLE_STRICT_OBJC_MSGSEND = YES;
				GCC_C_LANGUAGE_STANDARD = gnu99;
				GCC_NO_COMMON_BLOCKS = YES;
				GCC_WARN_64_TO_32_BIT_CONVERSION = YES;
				GCC_WARN_ABOUT_RETURN_TYPE = YES_ERROR;
				GCC_WARN_UNDECLARED_SELECTOR = YES;
				GCC_WARN_UNINITIALIZED_AUTOS = YES_AGGRESSIVE;
				GCC_WARN_UNUSED_FUNCTION = YES;
				GCC_WARN_UNUSED_VARIABLE = YES;
				IPHONEOS_DEPLOYMENT_TARGET = 9.3;
				MTL_ENABLE_DEBUG_INFO = NO;
				SDKROOT = iphoneos;
				TARGETED_DEVICE_FAMILY = "1,2";
				VALIDATE_PRODUCT = YES;
			};
			name = Release;
		};
		A955F5221CA95B0E00B0CF62 /* Debug */ = {
			isa = XCBuildConfiguration;
			baseConfigurationReference = 14C5A25F518DA8F439A9000A /* Pods-Kamarada.debug.xcconfig */;
			buildSettings = {
				ASSETCATALOG_COMPILER_APPICON_NAME = AppIcon;
				CLANG_ENABLE_MODULES = YES;
				CODE_SIGN_IDENTITY = "";
				"CODE_SIGN_IDENTITY[sdk=iphoneos*]" = "";
				FRAMEWORK_SEARCH_PATHS = (
					"$(inherited)",
					"$(PROJECT_DIR)",
				);
				INFOPLIST_FILE = Kamarada/Info.plist;
				IPHONEOS_DEPLOYMENT_TARGET = 9.0;
				LD_RUNPATH_SEARCH_PATHS = "$(inherited) @executable_path/Frameworks";
				"OTHER_SWIFT_FLAGS[arch=*]" = "-DDEBUG";
				PRODUCT_BUNDLE_IDENTIFIER = com.Videona.Kamarada;
				PRODUCT_NAME = "$(TARGET_NAME)";
				PROVISIONING_PROFILE = "31430f87-f05d-4bfc-945a-7fb5e7250854";
				SWIFT_OBJC_BRIDGING_HEADER = "Kamarada/Kamarada-Bridging-Header.h";
				SWIFT_OPTIMIZATION_LEVEL = "-Onone";
				TARGETED_DEVICE_FAMILY = "1,2";
			};
			name = Debug;
		};
		A955F5231CA95B0E00B0CF62 /* Release */ = {
			isa = XCBuildConfiguration;
			baseConfigurationReference = 679A42B7612B072E70607B0E /* Pods-Kamarada.release.xcconfig */;
			buildSettings = {
				ASSETCATALOG_COMPILER_APPICON_NAME = AppIcon;
				CLANG_ENABLE_MODULES = YES;
				CODE_SIGN_IDENTITY = "";
				"CODE_SIGN_IDENTITY[sdk=iphoneos*]" = "";
				FRAMEWORK_SEARCH_PATHS = (
					"$(inherited)",
					"$(PROJECT_DIR)",
				);
				INFOPLIST_FILE = Kamarada/Info.plist;
				IPHONEOS_DEPLOYMENT_TARGET = 9.0;
				LD_RUNPATH_SEARCH_PATHS = "$(inherited) @executable_path/Frameworks";
				"OTHER_SWIFT_FLAGS[arch=*]" = "-DRELEASE";
				PRODUCT_BUNDLE_IDENTIFIER = com.Videona.Kamarada;
				PRODUCT_NAME = "$(TARGET_NAME)";
				PROVISIONING_PROFILE = "31430f87-f05d-4bfc-945a-7fb5e7250854";
				SWIFT_OBJC_BRIDGING_HEADER = "Kamarada/Kamarada-Bridging-Header.h";
				TARGETED_DEVICE_FAMILY = "1,2";
			};
			name = Release;
		};
		A955F5251CA95B0E00B0CF62 /* Debug */ = {
			isa = XCBuildConfiguration;
			buildSettings = {
				BUNDLE_LOADER = "$(TEST_HOST)";
				INFOPLIST_FILE = KamaradaTests/Info.plist;
				LD_RUNPATH_SEARCH_PATHS = "$(inherited) @executable_path/Frameworks @loader_path/Frameworks";
				PRODUCT_BUNDLE_IDENTIFIER = Videona.KamaradaTests;
				PRODUCT_NAME = "$(TARGET_NAME)";
				TEST_HOST = "$(BUILT_PRODUCTS_DIR)/Kamarada.app/Kamarada";
			};
			name = Debug;
		};
		A955F5261CA95B0E00B0CF62 /* Release */ = {
			isa = XCBuildConfiguration;
			buildSettings = {
				BUNDLE_LOADER = "$(TEST_HOST)";
				INFOPLIST_FILE = KamaradaTests/Info.plist;
				LD_RUNPATH_SEARCH_PATHS = "$(inherited) @executable_path/Frameworks @loader_path/Frameworks";
				PRODUCT_BUNDLE_IDENTIFIER = Videona.KamaradaTests;
				PRODUCT_NAME = "$(TARGET_NAME)";
				TEST_HOST = "$(BUILT_PRODUCTS_DIR)/Kamarada.app/Kamarada";
			};
			name = Release;
		};
		A955F5281CA95B0E00B0CF62 /* Debug */ = {
			isa = XCBuildConfiguration;
			buildSettings = {
				INFOPLIST_FILE = KamaradaUITests/Info.plist;
				LD_RUNPATH_SEARCH_PATHS = "$(inherited) @executable_path/Frameworks @loader_path/Frameworks";
				PRODUCT_BUNDLE_IDENTIFIER = Videona.KamaradaUITests;
				PRODUCT_NAME = "$(TARGET_NAME)";
				TEST_TARGET_NAME = Kamarada;
			};
			name = Debug;
		};
		A955F5291CA95B0E00B0CF62 /* Release */ = {
			isa = XCBuildConfiguration;
			buildSettings = {
				INFOPLIST_FILE = KamaradaUITests/Info.plist;
				LD_RUNPATH_SEARCH_PATHS = "$(inherited) @executable_path/Frameworks @loader_path/Frameworks";
				PRODUCT_BUNDLE_IDENTIFIER = Videona.KamaradaUITests;
				PRODUCT_NAME = "$(TARGET_NAME)";
				TEST_TARGET_NAME = Kamarada;
			};
			name = Release;
		};
/* End XCBuildConfiguration section */

/* Begin XCConfigurationList section */
		A955F4F41CA95B0D00B0CF62 /* Build configuration list for PBXProject "Kamarada" */ = {
			isa = XCConfigurationList;
			buildConfigurations = (
				A955F51F1CA95B0E00B0CF62 /* Debug */,
				A955F5201CA95B0E00B0CF62 /* Release */,
			);
			defaultConfigurationIsVisible = 0;
			defaultConfigurationName = Release;
		};
		A955F5211CA95B0E00B0CF62 /* Build configuration list for PBXNativeTarget "Kamarada" */ = {
			isa = XCConfigurationList;
			buildConfigurations = (
				A955F5221CA95B0E00B0CF62 /* Debug */,
				A955F5231CA95B0E00B0CF62 /* Release */,
			);
			defaultConfigurationIsVisible = 0;
			defaultConfigurationName = Release;
		};
		A955F5241CA95B0E00B0CF62 /* Build configuration list for PBXNativeTarget "KamaradaTests" */ = {
			isa = XCConfigurationList;
			buildConfigurations = (
				A955F5251CA95B0E00B0CF62 /* Debug */,
				A955F5261CA95B0E00B0CF62 /* Release */,
			);
			defaultConfigurationIsVisible = 0;
			defaultConfigurationName = Release;
		};
		A955F5271CA95B0E00B0CF62 /* Build configuration list for PBXNativeTarget "KamaradaUITests" */ = {
			isa = XCConfigurationList;
			buildConfigurations = (
				A955F5281CA95B0E00B0CF62 /* Debug */,
				A955F5291CA95B0E00B0CF62 /* Release */,
			);
			defaultConfigurationIsVisible = 0;
			defaultConfigurationName = Release;
		};
/* End XCConfigurationList section */
	};
	rootObject = A955F4F11CA95B0D00B0CF62 /* Project object */;
}
